<?xml version="1.0" encoding="utf-8"?>
<Project ToolsVersion="4.0" xmlns="http://schemas.microsoft.com/developer/msbuild/2003">
  <ItemGroup>
    <Filter Include="インクルード">
      <UniqueIdentifier>{a723cb9d-545b-4c57-8dd3-b7ee25260a31}</UniqueIdentifier>
    </Filter>
    <Filter Include="ソース">
      <UniqueIdentifier>{cafa08b6-a32e-41ed-8cf7-a80f06675b81}</UniqueIdentifier>
    </Filter>
    <Filter Include="ソース\System">
      <UniqueIdentifier>{76e817ab-6900-4043-938e-80aba94ba64d}</UniqueIdentifier>
    </Filter>
    <Filter Include="ソース\Frame">
      <UniqueIdentifier>{ead4b19b-9d30-4c1f-8dd0-628d5198cc36}</UniqueIdentifier>
    </Filter>
  </ItemGroup>
  <ItemGroup>
    <ClInclude Include="include\JoinFestaPlayerListSelectAppParam.h">
      <Filter>インクルード</Filter>
    </ClInclude>
    <ClInclude Include="include\JoinFestaPlayerListSelectProc.h">
      <Filter>インクルード</Filter>
    </ClInclude>
    <ClInclude Include="source\JoinFestaPlayerListSelectDefine.h">
      <Filter>ソース</Filter>
    </ClInclude>
    <ClInclude Include="source\JoinFestaPlayerListSelectFrameID.h">
      <Filter>ソース</Filter>
    </ClInclude>
    <ClInclude Include="source\JoinFestaPlayerListSelectFrameResult.h">
      <Filter>ソース</Filter>
    </ClInclude>
    <ClInclude Include="source\JoinFestaPlayerListSelectResourceID.h">
      <Filter>ソース</Filter>
    </ClInclude>
    <ClInclude Include="source\System\JoinFestaPlayerListSelectApplicationSystem.h">
      <Filter>ソース\System</Filter>
    </ClInclude>
    <ClInclude Include="source\System\JoinFestaPlayerListSelectBuilder.h">
      <Filter>ソース\System</Filter>
    </ClInclude>
    <ClInclude Include="source\System\JoinFestaPlayerListSelectFrameFactory.h">
      <Filter>ソース\System</Filter>
    </ClInclude>
    <ClInclude Include="source\System\JoinFestaPlayerListSelectFrameSwitcher.h">
      <Filter>ソース\System</Filter>
    </ClInclude>
    <ClInclude Include="source\System\JoinFestaPlayerListSelectViewList.h">
      <Filter>ソース\System</Filter>
    </ClInclude>
    <ClInclude Include="source\System\JoinFestaPlayerListSelectViewObjects.h">
      <Filter>ソース\System</Filter>
    </ClInclude>
    <ClInclude Include="source\System\JoinFestaPlayerListSelectViewSystemAccessor.h">
      <Filter>ソース\System</Filter>
    </ClInclude>
    <ClInclude Include="source\System\JoinFestaPlayerListSelectWork.h">
      <Filter>ソース\System</Filter>
    </ClInclude>
    <ClInclude Include="source\Frame\JoinFestaPlayerListSelectFrameBase.h">
      <Filter>ソース\Frame</Filter>
    </ClInclude>
    <ClInclude Include="source\Frame\JoinFestaPlayerListSelectFrame.h">
      <Filter>ソース\Frame</Filter>
    </ClInclude>
  </ItemGroup>
  <ItemGroup>
    <ClCompile Include="source\JoinFestaPlayerListSelectProc.cpp">
      <Filter>ソース</Filter>
    </ClCompile>
    <ClCompile Include="source\System\JoinFestaPlayerListSelectApplicationSystem.cpp">
      <Filter>ソース\System</Filter>
    </ClCompile>
    <ClCompile Include="source\System\JoinFestaPlayerListSelectBuilder.cpp">
      <Filter>ソース\System</Filter>
    </ClCompile>
    <ClCompile Include="source\System\JoinFestaPlayerListSelectFrameFactory.cpp">
      <Filter>ソース\System</Filter>
    </ClCompile>
    <ClCompile Include="source\System\JoinFestaPlayerListSelectFrameSwitcher.cpp">
      <Filter>ソース\System</Filter>
    </ClCompile>
    <ClCompile Include="source\System\JoinFestaPlayerListSelectViewList.cpp">
      <Filter>ソース\System</Filter>
    </ClCompile>
    <ClCompile Include="source\System\JoinFestaPlayerListSelectViewObjects.cpp">
      <Filter>ソース\System</Filter>
    </ClCompile>
    <ClCompile Include="source\System\JoinFestaPlayerListSelectViewSystemAccessor.cpp">
      <Filter>ソース\System</Filter>
    </ClCompile>
    <ClCompile Include="source\System\JoinFestaPlayerListSelectWork.cpp">
      <Filter>ソース\System</Filter>
    </ClCompile>
    <ClCompile Include="source\Frame\JoinFestaPlayerListSelectFrameBase.cpp">
      <Filter>ソース\Frame</Filter>
    </ClCompile>
    <ClCompile Include="source\Frame\JoinFestaPlayerListSelectFrame.cpp">
      <Filter>ソース\Frame</Filter>
    </ClCompile>
  </ItemGroup>
</Project>