
Microsoft Visual Studio Solution File, Format Version 12.00
# Visual Studio 2012
Project("{2150E333-8FDC-42A3-9474-1A3956D46DE8}") = "gflib2", "gflib2", "{F03E72C5-A256-4F95-BF1A-B49964DAF0B3}"
EndProject
Project("{2150E333-8FDC-42A3-9474-1A3956D46DE8}") = "Sample", "Sample", "{822F56FF-8D08-4E9A-9DCB-94BDA041D73D}"
EndProject
Project("{8BC9CEB8-8B4A-11D0-8D11-00A0C91BC942}") = "RenderingEngine", "..\..\RenderingEngine\project\RenderingEngine.vcxproj", "{1433B557-F46C-401D-9121-18E2158F1810}"
EndProject
Project("{8BC9CEB8-8B4A-11D0-8D11-00A0C91BC942}") = "gfx", "..\..\gfx\project\gfx.vcxproj", "{2023437D-172C-4E17-81EB-0B0C04519BA8}"
EndProject
Project("{8BC9CEB8-8B4A-11D0-8D11-00A0C91BC942}") = "Terrain", "Terrain\Terrain.vcxproj", "{D69F3AF3-7CF0-44C8-9975-1F966EC2B7B1}"
EndProject
Project("{8BC9CEB8-8B4A-11D0-8D11-00A0C91BC942}") = "Framework", "Framework\Framework.vcxproj", "{64815497-23A6-4872-A4A3-DA0251CC4ADC}"
EndProject
Project("{8BC9CEB8-8B4A-11D0-8D11-00A0C91BC942}") = "system", "..\..\system\project\system.vcxproj", "{DC3E35FA-D141-40C6-837A-21E75A91EE9F}"
EndProject
Project("{8BC9CEB8-8B4A-11D0-8D11-00A0C91BC942}") = "Collision", "..\project\Collision.vcxproj", "{24C887DB-E984-435F-9ED8-97B27F3C6750}"
EndProject
Project("{8BC9CEB8-8B4A-11D0-8D11-00A0C91BC942}") = "Animation", "..\..\Animation\project\Animation.vcxproj", "{D1CF6FB0-4D9A-4B60-8817-ECEE5EDC46CC}"
EndProject
Global
	GlobalSection(SolutionConfigurationPlatforms) = preSolution
		Debug|Win32 = Debug|Win32
		Debug|x64 = Debug|x64
		DebugOpt|Win32 = DebugOpt|Win32
		DebugOpt|x64 = DebugOpt|x64
		Release|Win32 = Release|Win32
		Release|x64 = Release|x64
	EndGlobalSection
	GlobalSection(ProjectConfigurationPlatforms) = postSolution
		{1433B557-F46C-401D-9121-18E2158F1810}.Debug|Win32.ActiveCfg = Debug|Win32
		{1433B557-F46C-401D-9121-18E2158F1810}.Debug|Win32.Build.0 = Debug|Win32
		{1433B557-F46C-401D-9121-18E2158F1810}.Debug|x64.ActiveCfg = Debug|x64
		{1433B557-F46C-401D-9121-18E2158F1810}.Debug|x64.Build.0 = Debug|x64
		{1433B557-F46C-401D-9121-18E2158F1810}.DebugOpt|Win32.ActiveCfg = DebugOpt|Win32
		{1433B557-F46C-401D-9121-18E2158F1810}.DebugOpt|Win32.Build.0 = DebugOpt|Win32
		{1433B557-F46C-401D-9121-18E2158F1810}.DebugOpt|x64.ActiveCfg = DebugOpt|x64
		{1433B557-F46C-401D-9121-18E2158F1810}.DebugOpt|x64.Build.0 = DebugOpt|x64
		{1433B557-F46C-401D-9121-18E2158F1810}.Release|Win32.ActiveCfg = Release|Win32
		{1433B557-F46C-401D-9121-18E2158F1810}.Release|Win32.Build.0 = Release|Win32
		{1433B557-F46C-401D-9121-18E2158F1810}.Release|x64.ActiveCfg = Release|x64
		{1433B557-F46C-401D-9121-18E2158F1810}.Release|x64.Build.0 = Release|x64
		{2023437D-172C-4E17-81EB-0B0C04519BA8}.Debug|Win32.ActiveCfg = Debug|Win32
		{2023437D-172C-4E17-81EB-0B0C04519BA8}.Debug|Win32.Build.0 = Debug|Win32
		{2023437D-172C-4E17-81EB-0B0C04519BA8}.Debug|x64.ActiveCfg = Debug|x64
		{2023437D-172C-4E17-81EB-0B0C04519BA8}.Debug|x64.Build.0 = Debug|x64
		{2023437D-172C-4E17-81EB-0B0C04519BA8}.DebugOpt|Win32.ActiveCfg = DebugOpt|Win32
		{2023437D-172C-4E17-81EB-0B0C04519BA8}.DebugOpt|Win32.Build.0 = DebugOpt|Win32
		{2023437D-172C-4E17-81EB-0B0C04519BA8}.DebugOpt|x64.ActiveCfg = DebugOpt|x64
		{2023437D-172C-4E17-81EB-0B0C04519BA8}.DebugOpt|x64.Build.0 = DebugOpt|x64
		{2023437D-172C-4E17-81EB-0B0C04519BA8}.Release|Win32.ActiveCfg = Release|Win32
		{2023437D-172C-4E17-81EB-0B0C04519BA8}.Release|Win32.Build.0 = Release|Win32
		{2023437D-172C-4E17-81EB-0B0C04519BA8}.Release|x64.ActiveCfg = Release|x64
		{2023437D-172C-4E17-81EB-0B0C04519BA8}.Release|x64.Build.0 = Release|x64
		{D69F3AF3-7CF0-44C8-9975-1F966EC2B7B1}.Debug|Win32.ActiveCfg = Debug|Win32
		{D69F3AF3-7CF0-44C8-9975-1F966EC2B7B1}.Debug|Win32.Build.0 = Debug|Win32
		{D69F3AF3-7CF0-44C8-9975-1F966EC2B7B1}.Debug|x64.ActiveCfg = Debug|x64
		{D69F3AF3-7CF0-44C8-9975-1F966EC2B7B1}.Debug|x64.Build.0 = Debug|x64
		{D69F3AF3-7CF0-44C8-9975-1F966EC2B7B1}.DebugOpt|Win32.ActiveCfg = Debug|Win32
		{D69F3AF3-7CF0-44C8-9975-1F966EC2B7B1}.DebugOpt|Win32.Build.0 = Debug|Win32
		{D69F3AF3-7CF0-44C8-9975-1F966EC2B7B1}.DebugOpt|x64.ActiveCfg = Debug|x64
		{D69F3AF3-7CF0-44C8-9975-1F966EC2B7B1}.DebugOpt|x64.Build.0 = Debug|x64
		{D69F3AF3-7CF0-44C8-9975-1F966EC2B7B1}.Release|Win32.ActiveCfg = Release|Win32
		{D69F3AF3-7CF0-44C8-9975-1F966EC2B7B1}.Release|Win32.Build.0 = Release|Win32
		{D69F3AF3-7CF0-44C8-9975-1F966EC2B7B1}.Release|x64.ActiveCfg = Release|x64
		{D69F3AF3-7CF0-44C8-9975-1F966EC2B7B1}.Release|x64.Build.0 = Release|x64
		{64815497-23A6-4872-A4A3-DA0251CC4ADC}.Debug|Win32.ActiveCfg = Debug|Win32
		{64815497-23A6-4872-A4A3-DA0251CC4ADC}.Debug|Win32.Build.0 = Debug|Win32
		{64815497-23A6-4872-A4A3-DA0251CC4ADC}.Debug|x64.ActiveCfg = Debug|x64
		{64815497-23A6-4872-A4A3-DA0251CC4ADC}.Debug|x64.Build.0 = Debug|x64
		{64815497-23A6-4872-A4A3-DA0251CC4ADC}.DebugOpt|Win32.ActiveCfg = Debug|Win32
		{64815497-23A6-4872-A4A3-DA0251CC4ADC}.DebugOpt|Win32.Build.0 = Debug|Win32
		{64815497-23A6-4872-A4A3-DA0251CC4ADC}.DebugOpt|x64.ActiveCfg = Debug|x64
		{64815497-23A6-4872-A4A3-DA0251CC4ADC}.DebugOpt|x64.Build.0 = Debug|x64
		{64815497-23A6-4872-A4A3-DA0251CC4ADC}.Release|Win32.ActiveCfg = Release|Win32
		{64815497-23A6-4872-A4A3-DA0251CC4ADC}.Release|Win32.Build.0 = Release|Win32
		{64815497-23A6-4872-A4A3-DA0251CC4ADC}.Release|x64.ActiveCfg = Release|x64
		{64815497-23A6-4872-A4A3-DA0251CC4ADC}.Release|x64.Build.0 = Release|x64
		{DC3E35FA-D141-40C6-837A-21E75A91EE9F}.Debug|Win32.ActiveCfg = Debug|Win32
		{DC3E35FA-D141-40C6-837A-21E75A91EE9F}.Debug|Win32.Build.0 = Debug|Win32
		{DC3E35FA-D141-40C6-837A-21E75A91EE9F}.Debug|x64.ActiveCfg = Debug|x64
		{DC3E35FA-D141-40C6-837A-21E75A91EE9F}.Debug|x64.Build.0 = Debug|x64
		{DC3E35FA-D141-40C6-837A-21E75A91EE9F}.DebugOpt|Win32.ActiveCfg = Debug|Win32
		{DC3E35FA-D141-40C6-837A-21E75A91EE9F}.DebugOpt|Win32.Build.0 = Debug|Win32
		{DC3E35FA-D141-40C6-837A-21E75A91EE9F}.DebugOpt|x64.ActiveCfg = Debug|x64
		{DC3E35FA-D141-40C6-837A-21E75A91EE9F}.DebugOpt|x64.Build.0 = Debug|x64
		{DC3E35FA-D141-40C6-837A-21E75A91EE9F}.Release|Win32.ActiveCfg = Release|Win32
		{DC3E35FA-D141-40C6-837A-21E75A91EE9F}.Release|Win32.Build.0 = Release|Win32
		{DC3E35FA-D141-40C6-837A-21E75A91EE9F}.Release|x64.ActiveCfg = Release|x64
		{DC3E35FA-D141-40C6-837A-21E75A91EE9F}.Release|x64.Build.0 = Release|x64
		{24C887DB-E984-435F-9ED8-97B27F3C6750}.Debug|Win32.ActiveCfg = Debug|Win32
		{24C887DB-E984-435F-9ED8-97B27F3C6750}.Debug|Win32.Build.0 = Debug|Win32
		{24C887DB-E984-435F-9ED8-97B27F3C6750}.Debug|x64.ActiveCfg = Debug|x64
		{24C887DB-E984-435F-9ED8-97B27F3C6750}.Debug|x64.Build.0 = Debug|x64
		{24C887DB-E984-435F-9ED8-97B27F3C6750}.DebugOpt|Win32.ActiveCfg = Debug|Win32
		{24C887DB-E984-435F-9ED8-97B27F3C6750}.DebugOpt|Win32.Build.0 = Debug|Win32
		{24C887DB-E984-435F-9ED8-97B27F3C6750}.DebugOpt|x64.ActiveCfg = Debug|x64
		{24C887DB-E984-435F-9ED8-97B27F3C6750}.DebugOpt|x64.Build.0 = Debug|x64
		{24C887DB-E984-435F-9ED8-97B27F3C6750}.Release|Win32.ActiveCfg = Release|Win32
		{24C887DB-E984-435F-9ED8-97B27F3C6750}.Release|Win32.Build.0 = Release|Win32
		{24C887DB-E984-435F-9ED8-97B27F3C6750}.Release|x64.ActiveCfg = Release|x64
		{24C887DB-E984-435F-9ED8-97B27F3C6750}.Release|x64.Build.0 = Release|x64
		{D1CF6FB0-4D9A-4B60-8817-ECEE5EDC46CC}.Debug|Win32.ActiveCfg = Debug|Win32
		{D1CF6FB0-4D9A-4B60-8817-ECEE5EDC46CC}.Debug|Win32.Build.0 = Debug|Win32
		{D1CF6FB0-4D9A-4B60-8817-ECEE5EDC46CC}.Debug|x64.ActiveCfg = Debug|x64
		{D1CF6FB0-4D9A-4B60-8817-ECEE5EDC46CC}.Debug|x64.Build.0 = Debug|x64
		{D1CF6FB0-4D9A-4B60-8817-ECEE5EDC46CC}.DebugOpt|Win32.ActiveCfg = Debug|Win32
		{D1CF6FB0-4D9A-4B60-8817-ECEE5EDC46CC}.DebugOpt|Win32.Build.0 = Debug|Win32
		{D1CF6FB0-4D9A-4B60-8817-ECEE5EDC46CC}.DebugOpt|x64.ActiveCfg = Debug|x64
		{D1CF6FB0-4D9A-4B60-8817-ECEE5EDC46CC}.DebugOpt|x64.Build.0 = Debug|x64
		{D1CF6FB0-4D9A-4B60-8817-ECEE5EDC46CC}.Release|Win32.ActiveCfg = Release|Win32
		{D1CF6FB0-4D9A-4B60-8817-ECEE5EDC46CC}.Release|Win32.Build.0 = Release|Win32
		{D1CF6FB0-4D9A-4B60-8817-ECEE5EDC46CC}.Release|x64.ActiveCfg = Release|x64
		{D1CF6FB0-4D9A-4B60-8817-ECEE5EDC46CC}.Release|x64.Build.0 = Release|x64
	EndGlobalSection
	GlobalSection(SolutionProperties) = preSolution
		HideSolutionNode = FALSE
	EndGlobalSection
	GlobalSection(NestedProjects) = preSolution
		{1433B557-F46C-401D-9121-18E2158F1810} = {F03E72C5-A256-4F95-BF1A-B49964DAF0B3}
		{2023437D-172C-4E17-81EB-0B0C04519BA8} = {F03E72C5-A256-4F95-BF1A-B49964DAF0B3}
		{DC3E35FA-D141-40C6-837A-21E75A91EE9F} = {F03E72C5-A256-4F95-BF1A-B49964DAF0B3}
		{24C887DB-E984-435F-9ED8-97B27F3C6750} = {F03E72C5-A256-4F95-BF1A-B49964DAF0B3}
		{D1CF6FB0-4D9A-4B60-8817-ECEE5EDC46CC} = {F03E72C5-A256-4F95-BF1A-B49964DAF0B3}
		{D69F3AF3-7CF0-44C8-9975-1F966EC2B7B1} = {822F56FF-8D08-4E9A-9DCB-94BDA041D73D}
		{64815497-23A6-4872-A4A3-DA0251CC4ADC} = {822F56FF-8D08-4E9A-9DCB-94BDA041D73D}
	EndGlobalSection
EndGlobal
