
Microsoft Visual Studio Solution File, Format Version 12.00
# Visual Studio 2012
Project("{8BC9CEB8-8B4A-11D0-8D11-00A0C91BC942}") = "DynamicHeader", "DynamicHeader\DynamicHeader.vcxproj", "{E494A94B-0661-4D14-ABE2-B729E5079A72}"
EndProject
Project("{2150E333-8FDC-42A3-9474-1A3956D46DE8}") = "Sample", "Sample", "{10CFCDF4-2DAC-4147-829F-48EF1A32EFC9}"
EndProject
Project("{2150E333-8FDC-42A3-9474-1A3956D46DE8}") = "gflib2", "gflib2", "{277160A9-D37A-4774-BB77-4F469CAA7C48}"
EndProject
Project("{8BC9CEB8-8B4A-11D0-8D11-00A0C91BC942}") = "debug", "..\project\debug.vcxproj", "{0648106E-79FB-41BC-A4C1-89925C7610F7}"
EndProject
Project("{8BC9CEB8-8B4A-11D0-8D11-00A0C91BC942}") = "heap", "..\..\heap\project\heap.vcxproj", "{7A29DB5A-8919-472D-8719-01D34E1D0FC4}"
EndProject
Global
	GlobalSection(SolutionConfigurationPlatforms) = preSolution
		Debug|CTR = Debug|CTR
		Debug|Win32 = Debug|Win32
		DebugCLR|CTR = DebugCLR|CTR
		DebugCLR|Win32 = DebugCLR|Win32
		Develop|CTR = Develop|CTR
		Develop|Win32 = Develop|Win32
		DevelopCLR|CTR = DevelopCLR|CTR
		DevelopCLR|Win32 = DevelopCLR|Win32
		Final|CTR = Final|CTR
		Final|Win32 = Final|Win32
		FinalCLR|CTR = FinalCLR|CTR
		FinalCLR|Win32 = FinalCLR|Win32
		Release|CTR = Release|CTR
		Release|Win32 = Release|Win32
		ReleaseCLR|CTR = ReleaseCLR|CTR
		ReleaseCLR|Win32 = ReleaseCLR|Win32
	EndGlobalSection
	GlobalSection(ProjectConfigurationPlatforms) = postSolution
		{E494A94B-0661-4D14-ABE2-B729E5079A72}.Debug|CTR.ActiveCfg = Debug|CTR
		{E494A94B-0661-4D14-ABE2-B729E5079A72}.Debug|CTR.Build.0 = Debug|CTR
		{E494A94B-0661-4D14-ABE2-B729E5079A72}.Debug|Win32.ActiveCfg = Debug|Win32
		{E494A94B-0661-4D14-ABE2-B729E5079A72}.Debug|Win32.Build.0 = Debug|Win32
		{E494A94B-0661-4D14-ABE2-B729E5079A72}.DebugCLR|CTR.ActiveCfg = DebugCLR|CTR
		{E494A94B-0661-4D14-ABE2-B729E5079A72}.DebugCLR|CTR.Build.0 = DebugCLR|CTR
		{E494A94B-0661-4D14-ABE2-B729E5079A72}.DebugCLR|Win32.ActiveCfg = DebugCLR|Win32
		{E494A94B-0661-4D14-ABE2-B729E5079A72}.DebugCLR|Win32.Build.0 = DebugCLR|Win32
		{E494A94B-0661-4D14-ABE2-B729E5079A72}.Develop|CTR.ActiveCfg = Develop|CTR
		{E494A94B-0661-4D14-ABE2-B729E5079A72}.Develop|CTR.Build.0 = Develop|CTR
		{E494A94B-0661-4D14-ABE2-B729E5079A72}.Develop|Win32.ActiveCfg = Develop|Win32
		{E494A94B-0661-4D14-ABE2-B729E5079A72}.Develop|Win32.Build.0 = Develop|Win32
		{E494A94B-0661-4D14-ABE2-B729E5079A72}.DevelopCLR|CTR.ActiveCfg = DevelopCLR|CTR
		{E494A94B-0661-4D14-ABE2-B729E5079A72}.DevelopCLR|CTR.Build.0 = DevelopCLR|CTR
		{E494A94B-0661-4D14-ABE2-B729E5079A72}.DevelopCLR|Win32.ActiveCfg = DevelopCLR|Win32
		{E494A94B-0661-4D14-ABE2-B729E5079A72}.DevelopCLR|Win32.Build.0 = DevelopCLR|Win32
		{E494A94B-0661-4D14-ABE2-B729E5079A72}.Final|CTR.ActiveCfg = Final|CTR
		{E494A94B-0661-4D14-ABE2-B729E5079A72}.Final|CTR.Build.0 = Final|CTR
		{E494A94B-0661-4D14-ABE2-B729E5079A72}.Final|Win32.ActiveCfg = Final|Win32
		{E494A94B-0661-4D14-ABE2-B729E5079A72}.Final|Win32.Build.0 = Final|Win32
		{E494A94B-0661-4D14-ABE2-B729E5079A72}.FinalCLR|CTR.ActiveCfg = FinalCLR|CTR
		{E494A94B-0661-4D14-ABE2-B729E5079A72}.FinalCLR|CTR.Build.0 = FinalCLR|CTR
		{E494A94B-0661-4D14-ABE2-B729E5079A72}.FinalCLR|Win32.ActiveCfg = FinalCLR|Win32
		{E494A94B-0661-4D14-ABE2-B729E5079A72}.FinalCLR|Win32.Build.0 = FinalCLR|Win32
		{E494A94B-0661-4D14-ABE2-B729E5079A72}.Release|CTR.ActiveCfg = Release|CTR
		{E494A94B-0661-4D14-ABE2-B729E5079A72}.Release|CTR.Build.0 = Release|CTR
		{E494A94B-0661-4D14-ABE2-B729E5079A72}.Release|Win32.ActiveCfg = Release|Win32
		{E494A94B-0661-4D14-ABE2-B729E5079A72}.Release|Win32.Build.0 = Release|Win32
		{E494A94B-0661-4D14-ABE2-B729E5079A72}.ReleaseCLR|CTR.ActiveCfg = ReleaseCLR|CTR
		{E494A94B-0661-4D14-ABE2-B729E5079A72}.ReleaseCLR|CTR.Build.0 = ReleaseCLR|CTR
		{E494A94B-0661-4D14-ABE2-B729E5079A72}.ReleaseCLR|Win32.ActiveCfg = ReleaseCLR|Win32
		{E494A94B-0661-4D14-ABE2-B729E5079A72}.ReleaseCLR|Win32.Build.0 = ReleaseCLR|Win32
		{0648106E-79FB-41BC-A4C1-89925C7610F7}.Debug|CTR.ActiveCfg = Debug|CTR
		{0648106E-79FB-41BC-A4C1-89925C7610F7}.Debug|CTR.Build.0 = Debug|CTR
		{0648106E-79FB-41BC-A4C1-89925C7610F7}.Debug|Win32.ActiveCfg = Debug|Win32
		{0648106E-79FB-41BC-A4C1-89925C7610F7}.Debug|Win32.Build.0 = Debug|Win32
		{0648106E-79FB-41BC-A4C1-89925C7610F7}.DebugCLR|CTR.ActiveCfg = DebugCLR|CTR
		{0648106E-79FB-41BC-A4C1-89925C7610F7}.DebugCLR|CTR.Build.0 = DebugCLR|CTR
		{0648106E-79FB-41BC-A4C1-89925C7610F7}.DebugCLR|Win32.ActiveCfg = DebugCLR|Win32
		{0648106E-79FB-41BC-A4C1-89925C7610F7}.DebugCLR|Win32.Build.0 = DebugCLR|Win32
		{0648106E-79FB-41BC-A4C1-89925C7610F7}.Develop|CTR.ActiveCfg = Develop|CTR
		{0648106E-79FB-41BC-A4C1-89925C7610F7}.Develop|CTR.Build.0 = Develop|CTR
		{0648106E-79FB-41BC-A4C1-89925C7610F7}.Develop|Win32.ActiveCfg = Develop|Win32
		{0648106E-79FB-41BC-A4C1-89925C7610F7}.Develop|Win32.Build.0 = Develop|Win32
		{0648106E-79FB-41BC-A4C1-89925C7610F7}.DevelopCLR|CTR.ActiveCfg = DevelopCLR|CTR
		{0648106E-79FB-41BC-A4C1-89925C7610F7}.DevelopCLR|CTR.Build.0 = DevelopCLR|CTR
		{0648106E-79FB-41BC-A4C1-89925C7610F7}.DevelopCLR|Win32.ActiveCfg = DevelopCLR|Win32
		{0648106E-79FB-41BC-A4C1-89925C7610F7}.DevelopCLR|Win32.Build.0 = DevelopCLR|Win32
		{0648106E-79FB-41BC-A4C1-89925C7610F7}.Final|CTR.ActiveCfg = Final|CTR
		{0648106E-79FB-41BC-A4C1-89925C7610F7}.Final|CTR.Build.0 = Final|CTR
		{0648106E-79FB-41BC-A4C1-89925C7610F7}.Final|Win32.ActiveCfg = Final|Win32
		{0648106E-79FB-41BC-A4C1-89925C7610F7}.Final|Win32.Build.0 = Final|Win32
		{0648106E-79FB-41BC-A4C1-89925C7610F7}.FinalCLR|CTR.ActiveCfg = FinalCLR|CTR
		{0648106E-79FB-41BC-A4C1-89925C7610F7}.FinalCLR|CTR.Build.0 = FinalCLR|CTR
		{0648106E-79FB-41BC-A4C1-89925C7610F7}.FinalCLR|Win32.ActiveCfg = FinalCLR|Win32
		{0648106E-79FB-41BC-A4C1-89925C7610F7}.FinalCLR|Win32.Build.0 = FinalCLR|Win32
		{0648106E-79FB-41BC-A4C1-89925C7610F7}.Release|CTR.ActiveCfg = Release|CTR
		{0648106E-79FB-41BC-A4C1-89925C7610F7}.Release|CTR.Build.0 = Release|CTR
		{0648106E-79FB-41BC-A4C1-89925C7610F7}.Release|Win32.ActiveCfg = Release|Win32
		{0648106E-79FB-41BC-A4C1-89925C7610F7}.Release|Win32.Build.0 = Release|Win32
		{0648106E-79FB-41BC-A4C1-89925C7610F7}.ReleaseCLR|CTR.ActiveCfg = ReleaseCLR|CTR
		{0648106E-79FB-41BC-A4C1-89925C7610F7}.ReleaseCLR|CTR.Build.0 = ReleaseCLR|CTR
		{0648106E-79FB-41BC-A4C1-89925C7610F7}.ReleaseCLR|Win32.ActiveCfg = ReleaseCLR|Win32
		{0648106E-79FB-41BC-A4C1-89925C7610F7}.ReleaseCLR|Win32.Build.0 = ReleaseCLR|Win32
		{7A29DB5A-8919-472D-8719-01D34E1D0FC4}.Debug|CTR.ActiveCfg = Debug|CTR
		{7A29DB5A-8919-472D-8719-01D34E1D0FC4}.Debug|CTR.Build.0 = Debug|CTR
		{7A29DB5A-8919-472D-8719-01D34E1D0FC4}.Debug|Win32.ActiveCfg = Debug|Win32
		{7A29DB5A-8919-472D-8719-01D34E1D0FC4}.Debug|Win32.Build.0 = Debug|Win32
		{7A29DB5A-8919-472D-8719-01D34E1D0FC4}.DebugCLR|CTR.ActiveCfg = DebugCLR|CTR
		{7A29DB5A-8919-472D-8719-01D34E1D0FC4}.DebugCLR|CTR.Build.0 = DebugCLR|CTR
		{7A29DB5A-8919-472D-8719-01D34E1D0FC4}.DebugCLR|Win32.ActiveCfg = DebugCLR|Win32
		{7A29DB5A-8919-472D-8719-01D34E1D0FC4}.DebugCLR|Win32.Build.0 = DebugCLR|Win32
		{7A29DB5A-8919-472D-8719-01D34E1D0FC4}.Develop|CTR.ActiveCfg = Develop|CTR
		{7A29DB5A-8919-472D-8719-01D34E1D0FC4}.Develop|CTR.Build.0 = Develop|CTR
		{7A29DB5A-8919-472D-8719-01D34E1D0FC4}.Develop|Win32.ActiveCfg = Develop|Win32
		{7A29DB5A-8919-472D-8719-01D34E1D0FC4}.Develop|Win32.Build.0 = Develop|Win32
		{7A29DB5A-8919-472D-8719-01D34E1D0FC4}.DevelopCLR|CTR.ActiveCfg = DevelopCLR|CTR
		{7A29DB5A-8919-472D-8719-01D34E1D0FC4}.DevelopCLR|CTR.Build.0 = DevelopCLR|CTR
		{7A29DB5A-8919-472D-8719-01D34E1D0FC4}.DevelopCLR|Win32.ActiveCfg = DevelopCLR|Win32
		{7A29DB5A-8919-472D-8719-01D34E1D0FC4}.DevelopCLR|Win32.Build.0 = DevelopCLR|Win32
		{7A29DB5A-8919-472D-8719-01D34E1D0FC4}.Final|CTR.ActiveCfg = Final|CTR
		{7A29DB5A-8919-472D-8719-01D34E1D0FC4}.Final|CTR.Build.0 = Final|CTR
		{7A29DB5A-8919-472D-8719-01D34E1D0FC4}.Final|Win32.ActiveCfg = Final|Win32
		{7A29DB5A-8919-472D-8719-01D34E1D0FC4}.Final|Win32.Build.0 = Final|Win32
		{7A29DB5A-8919-472D-8719-01D34E1D0FC4}.FinalCLR|CTR.ActiveCfg = FinalCLR|CTR
		{7A29DB5A-8919-472D-8719-01D34E1D0FC4}.FinalCLR|CTR.Build.0 = FinalCLR|CTR
		{7A29DB5A-8919-472D-8719-01D34E1D0FC4}.FinalCLR|Win32.ActiveCfg = FinalCLR|Win32
		{7A29DB5A-8919-472D-8719-01D34E1D0FC4}.FinalCLR|Win32.Build.0 = FinalCLR|Win32
		{7A29DB5A-8919-472D-8719-01D34E1D0FC4}.Release|CTR.ActiveCfg = Release|CTR
		{7A29DB5A-8919-472D-8719-01D34E1D0FC4}.Release|CTR.Build.0 = Release|CTR
		{7A29DB5A-8919-472D-8719-01D34E1D0FC4}.Release|Win32.ActiveCfg = Release|Win32
		{7A29DB5A-8919-472D-8719-01D34E1D0FC4}.Release|Win32.Build.0 = Release|Win32
		{7A29DB5A-8919-472D-8719-01D34E1D0FC4}.ReleaseCLR|CTR.ActiveCfg = ReleaseCLR|CTR
		{7A29DB5A-8919-472D-8719-01D34E1D0FC4}.ReleaseCLR|CTR.Build.0 = ReleaseCLR|CTR
		{7A29DB5A-8919-472D-8719-01D34E1D0FC4}.ReleaseCLR|Win32.ActiveCfg = ReleaseCLR|Win32
		{7A29DB5A-8919-472D-8719-01D34E1D0FC4}.ReleaseCLR|Win32.Build.0 = ReleaseCLR|Win32
	EndGlobalSection
	GlobalSection(SolutionProperties) = preSolution
		HideSolutionNode = FALSE
	EndGlobalSection
	GlobalSection(NestedProjects) = preSolution
		{E494A94B-0661-4D14-ABE2-B729E5079A72} = {10CFCDF4-2DAC-4147-829F-48EF1A32EFC9}
		{0648106E-79FB-41BC-A4C1-89925C7610F7} = {277160A9-D37A-4774-BB77-4F469CAA7C48}
		{7A29DB5A-8919-472D-8719-01D34E1D0FC4} = {277160A9-D37A-4774-BB77-4F469CAA7C48}
	EndGlobalSection
EndGlobal
