<?xml version="1.0" encoding="utf-8"?>
<Project ToolsVersion="4.0" xmlns="http://schemas.microsoft.com/developer/msbuild/2003">
  <ItemGroup>
    <Filter Include="インクルード">
      <UniqueIdentifier>{a723cb9d-545b-4c57-8dd3-b7ee25260a31}</UniqueIdentifier>
    </Filter>
    <Filter Include="ソース">
      <UniqueIdentifier>{cafa08b6-a32e-41ed-8cf7-a80f06675b81}</UniqueIdentifier>
    </Filter>
    <Filter Include="ソース\Frame">
      <UniqueIdentifier>{bcad6703-fc01-44d1-b4bf-b6db65ac3938}</UniqueIdentifier>
    </Filter>
    <Filter Include="ソース\System">
      <UniqueIdentifier>{67ad5e2f-b497-41a5-b36b-189458fe33d6}</UniqueIdentifier>
    </Filter>
  </ItemGroup>
  <ItemGroup>
    <ClInclude Include="include\JoinFestaPlayerListShowAppParam.h">
      <Filter>インクルード</Filter>
    </ClInclude>
    <ClInclude Include="include\JoinFestaPlayerListShowProc.h">
      <Filter>インクルード</Filter>
    </ClInclude>
    <ClInclude Include="source\JoinFestaPlayerListShowDefine.h">
      <Filter>ソース</Filter>
    </ClInclude>
    <ClInclude Include="source\JoinFestaPlayerListShowFrameID.h">
      <Filter>ソース</Filter>
    </ClInclude>
    <ClInclude Include="source\JoinFestaPlayerListShowFrameResult.h">
      <Filter>ソース</Filter>
    </ClInclude>
    <ClInclude Include="source\JoinFestaPlayerListShowResourceID.h">
      <Filter>ソース</Filter>
    </ClInclude>
    <ClInclude Include="source\Frame\JoinFestaPlayerListShowFrameBase.h">
      <Filter>ソース\Frame</Filter>
    </ClInclude>
    <ClInclude Include="source\System\JoinFestaPlayerListShowApplicationSystem.h">
      <Filter>ソース\System</Filter>
    </ClInclude>
    <ClInclude Include="source\System\JoinFestaPlayerListShowBuilder.h">
      <Filter>ソース\System</Filter>
    </ClInclude>
    <ClInclude Include="source\System\JoinFestaPlayerListShowFrameFactory.h">
      <Filter>ソース\System</Filter>
    </ClInclude>
    <ClInclude Include="source\System\JoinFestaPlayerListShowFrameSwitcher.h">
      <Filter>ソース\System</Filter>
    </ClInclude>
    <ClInclude Include="source\System\JoinFestaPlayerListShowViewList.h">
      <Filter>ソース\System</Filter>
    </ClInclude>
    <ClInclude Include="source\System\JoinFestaPlayerListShowViewObjects.h">
      <Filter>ソース\System</Filter>
    </ClInclude>
    <ClInclude Include="source\System\JoinFestaPlayerListShowViewSystemAccessor.h">
      <Filter>ソース\System</Filter>
    </ClInclude>
    <ClInclude Include="source\System\JoinFestaPlayerListShowWork.h">
      <Filter>ソース\System</Filter>
    </ClInclude>
    <ClInclude Include="source\Frame\JoinFestaPlayerListShowDetailFrame.h">
      <Filter>ソース\Frame</Filter>
    </ClInclude>
    <ClInclude Include="source\Frame\JoinFestaPlayerListShowSelectFrame.h">
      <Filter>ソース\Frame</Filter>
    </ClInclude>
    <ClInclude Include="source\Frame\JoinFestaPlayerListShowDescriptionFrame.h">
      <Filter>ソース\Frame</Filter>
    </ClInclude>
  </ItemGroup>
  <ItemGroup>
    <ClCompile Include="source\JoinFestaPlayerListShowProc.cpp">
      <Filter>ソース</Filter>
    </ClCompile>
    <ClCompile Include="source\Frame\JoinFestaPlayerListShowFrameBase.cpp">
      <Filter>ソース\Frame</Filter>
    </ClCompile>
    <ClCompile Include="source\System\JoinFestaPlayerListShowApplicationSystem.cpp">
      <Filter>ソース\System</Filter>
    </ClCompile>
    <ClCompile Include="source\System\JoinFestaPlayerListShowBuilder.cpp">
      <Filter>ソース\System</Filter>
    </ClCompile>
    <ClCompile Include="source\System\JoinFestaPlayerListShowFrameFactory.cpp">
      <Filter>ソース\System</Filter>
    </ClCompile>
    <ClCompile Include="source\System\JoinFestaPlayerListShowFrameSwitcher.cpp">
      <Filter>ソース\System</Filter>
    </ClCompile>
    <ClCompile Include="source\System\JoinFestaPlayerListShowViewList.cpp">
      <Filter>ソース\System</Filter>
    </ClCompile>
    <ClCompile Include="source\System\JoinFestaPlayerListShowViewObjects.cpp">
      <Filter>ソース\System</Filter>
    </ClCompile>
    <ClCompile Include="source\System\JoinFestaPlayerListShowViewSystemAccessor.cpp">
      <Filter>ソース\System</Filter>
    </ClCompile>
    <ClCompile Include="source\System\JoinFestaPlayerListShowWork.cpp">
      <Filter>ソース\System</Filter>
    </ClCompile>
    <ClCompile Include="source\Frame\JoinFestaPlayerListShowDetailFrame.cpp">
      <Filter>ソース\Frame</Filter>
    </ClCompile>
    <ClCompile Include="source\Frame\JoinFestaPlayerListShowSelectFrame.cpp">
      <Filter>ソース\Frame</Filter>
    </ClCompile>
    <ClCompile Include="source\Frame\JoinFestaPlayerListShowDescriptionFrame.cpp">
      <Filter>ソース\Frame</Filter>
    </ClCompile>
  </ItemGroup>
</Project>