<?xml version="1.0" encoding="utf-8"?>
<Project ToolsVersion="4.0" xmlns="http://schemas.microsoft.com/developer/msbuild/2003">
  <ItemGroup>
    <Filter Include="インクルード">
      <UniqueIdentifier>{a723cb9d-545b-4c57-8dd3-b7ee25260a31}</UniqueIdentifier>
    </Filter>
    <Filter Include="ソース">
      <UniqueIdentifier>{cafa08b6-a32e-41ed-8cf7-a80f06675b81}</UniqueIdentifier>
    </Filter>
  </ItemGroup>
  <ItemGroup>
    <ClInclude Include="include\TitleMenuProc.h">
      <Filter>インクルード</Filter>
    </ClInclude>
    <ClInclude Include="include\TitleMenuFrame.h">
      <Filter>インクルード</Filter>
    </ClInclude>
    <ClInclude Include="source\TitleMenuDrawListener.h">
      <Filter>ソース</Filter>
    </ClInclude>
    <ClInclude Include="source\TitleMenuLowerDraw.h">
      <Filter>ソース</Filter>
    </ClInclude>
    <ClInclude Include="source\TitleMenuUpperDraw.h">
      <Filter>ソース</Filter>
    </ClInclude>
    <ClInclude Include="source\TitleMenuDrawerBase.h">
      <Filter>ソース</Filter>
    </ClInclude>
    <ClInclude Include="source\TitleMenuConst.h">
      <Filter>ソース</Filter>
    </ClInclude>
    <ClInclude Include="include\TitleMenuAppParam.h">
      <Filter>インクルード</Filter>
    </ClInclude>
    <ClInclude Include="source\TitleMenuYesNoWindow.h">
      <Filter>ソース</Filter>
    </ClInclude>
  </ItemGroup>
  <ItemGroup>
    <ClCompile Include="source\TitleMenuProc.cpp">
      <Filter>ソース</Filter>
    </ClCompile>
    <ClCompile Include="source\TitleMenuFrame.cpp">
      <Filter>ソース</Filter>
    </ClCompile>
    <ClCompile Include="source\TitleMenuLowerDraw.cpp">
      <Filter>ソース</Filter>
    </ClCompile>
    <ClCompile Include="source\TitleMenuUpperDraw.cpp">
      <Filter>ソース</Filter>
    </ClCompile>
    <ClCompile Include="source\TitleMenuDrawerBase.cpp">
      <Filter>ソース</Filter>
    </ClCompile>
    <ClCompile Include="source\TitleMenuYesNoWindow.cpp">
      <Filter>ソース</Filter>
    </ClCompile>
  </ItemGroup>
</Project>