<?xml version="1.0" encoding="utf-8"?>
<Project ToolsVersion="4.0" xmlns="http://schemas.microsoft.com/developer/msbuild/2003">
  <ItemGroup>
    <Filter Include="ソース">
      <UniqueIdentifier>{ae651375-940a-4dac-b6cc-5c8c2b24ec6e}</UniqueIdentifier>
    </Filter>
    <Filter Include="ヘッダ">
      <UniqueIdentifier>{cafa08b6-a32e-41ed-8cf7-a80f06675b81}</UniqueIdentifier>
    </Filter>
    <Filter Include="ソース\parts">
      <UniqueIdentifier>{056b2821-fe6c-4b2c-8cee-0824caf3a78b}</UniqueIdentifier>
    </Filter>
  </ItemGroup>
  <ItemGroup>
    <ClInclude Include="include\CaptureTutorialProc.h">
      <Filter>ヘッダ</Filter>
    </ClInclude>
    <ClInclude Include="source\parts\CaptureTutorialMain.h">
      <Filter>ソース\parts</Filter>
    </ClInclude>
    <ClInclude Include="source\parts\CaptureTutorialInterfaceScene.h">
      <Filter>ソース\parts</Filter>
    </ClInclude>
    <ClInclude Include="source\parts\CaptureTutorialScene.h">
      <Filter>ソース\parts</Filter>
    </ClInclude>
    <ClInclude Include="source\parts\CaptureTutorialViewer.h">
      <Filter>ソース\parts</Filter>
    </ClInclude>
    <ClInclude Include="source\parts\CaptureTutorialEventScript.h">
      <Filter>ソース\parts</Filter>
    </ClInclude>
  </ItemGroup>
  <ItemGroup>
    <ClCompile Include="source\CaptureTutorialProc.cpp">
      <Filter>ソース</Filter>
    </ClCompile>
    <ClCompile Include="source\parts\CaptureTutorialMain.cpp">
      <Filter>ソース\parts</Filter>
    </ClCompile>
    <ClCompile Include="source\parts\CaptureTutorialScene.cpp">
      <Filter>ソース\parts</Filter>
    </ClCompile>
    <ClCompile Include="source\parts\CaptureTutorialViewer.cpp">
      <Filter>ソース\parts</Filter>
    </ClCompile>
    <ClCompile Include="source\parts\CaptureTutorialEventScript.cpp">
      <Filter>ソース\parts</Filter>
    </ClCompile>
  </ItemGroup>
</Project>