<?xml version="1.0" encoding="utf-8"?>
<Project ToolsVersion="4.0" xmlns="http://schemas.microsoft.com/developer/msbuild/2003">
  <ItemGroup>
    <ClCompile Include="source\Player.cpp" />
    <ClCompile Include="source\SequenceCommand.cpp" />
    <ClCompile Include="source\SequencePlayerCore.cpp" />
    <ClCompile Include="source\SequencePlayerTask.cpp" />
    <ClCompile Include="source\SequenceRenderSystem.cpp" />
    <ClCompile Include="source\SequenceObject.cpp" />
    <ClCompile Include="source\SequenceRenderPipeline.cpp" />
  </ItemGroup>
  <ItemGroup>
    <ClInclude Include="include\Player.h" />
    <ClInclude Include="include\SequenceCommand.h" />
    <ClInclude Include="include\SequencePlayerCore.h" />
    <ClInclude Include="include\SequencePlayerTask.h" />
    <ClInclude Include="include\SequenceRenderSystem.h" />
    <ClInclude Include="include\SequenceRenderPipeline.h" />
    <ClInclude Include="include\SequenceObject.h" />
    <ClInclude Include="include\SequenceLocalDef.h" />
  </ItemGroup>
  <ItemGroup>
    <None Include="include\seq_com.cdat" />
  </ItemGroup>
</Project>