<?xml version="1.0" encoding="utf-8"?>
<Project ToolsVersion="4.0" xmlns="http://schemas.microsoft.com/developer/msbuild/2003">
  <ItemGroup>
    <Filter Include="インクルード">
      <UniqueIdentifier>{a723cb9d-545b-4c57-8dd3-b7ee25260a31}</UniqueIdentifier>
    </Filter>
    <Filter Include="ソース">
      <UniqueIdentifier>{cafa08b6-a32e-41ed-8cf7-a80f06675b81}</UniqueIdentifier>
    </Filter>
  </ItemGroup>
  <ItemGroup>
    <ClInclude Include="include\WazaOshieAppParam.h">
      <Filter>インクルード</Filter>
    </ClInclude>
    <ClInclude Include="include\WazaOshieFrame.h">
      <Filter>インクルード</Filter>
    </ClInclude>
    <ClInclude Include="include\WazaOshieProc.h">
      <Filter>インクルード</Filter>
    </ClInclude>
    <ClInclude Include="source\WazaOshieDrawerBase.h">
      <Filter>ソース</Filter>
    </ClInclude>
    <ClInclude Include="source\WazaOshieDrawListener.h">
      <Filter>ソース</Filter>
    </ClInclude>
    <ClInclude Include="source\WazaOshieLowerDraw.h">
      <Filter>ソース</Filter>
    </ClInclude>
    <ClInclude Include="source\WazaOshieLowerExplain.h">
      <Filter>ソース</Filter>
    </ClInclude>
    <ClInclude Include="source\WazaOshieLowerStatus.h">
      <Filter>ソース</Filter>
    </ClInclude>
    <ClInclude Include="source\WazaOshieConst.h">
      <Filter>ソース</Filter>
    </ClInclude>
    <ClInclude Include="source\WazaOshieInfoWindow.h">
      <Filter>ソース</Filter>
    </ClInclude>
    <ClInclude Include="source\WazaOshieUpperDraw.h">
      <Filter>ソース</Filter>
    </ClInclude>
  </ItemGroup>
  <ItemGroup>
    <ClCompile Include="source\WazaOshieDrawerBase.cpp">
      <Filter>ソース</Filter>
    </ClCompile>
    <ClCompile Include="source\WazaOshieFrame.cpp">
      <Filter>ソース</Filter>
    </ClCompile>
    <ClCompile Include="source\WazaOshieLowerDraw.cpp">
      <Filter>ソース</Filter>
    </ClCompile>
    <ClCompile Include="source\WazaOshieLowerExplain.cpp">
      <Filter>ソース</Filter>
    </ClCompile>
    <ClCompile Include="source\WazaOshieLowerStatus.cpp">
      <Filter>ソース</Filter>
    </ClCompile>
    <ClCompile Include="source\WazaOshieProc.cpp">
      <Filter>ソース</Filter>
    </ClCompile>
    <ClCompile Include="source\WazaOshieInfoWindow.cpp">
      <Filter>ソース</Filter>
    </ClCompile>
    <ClCompile Include="source\WazaOshieUpperDraw.cpp">
      <Filter>ソース</Filter>
    </ClCompile>
  </ItemGroup>
</Project>