<?xml version="1.0" encoding="utf-8"?>
<Project ToolsVersion="4.0" xmlns="http://schemas.microsoft.com/developer/msbuild/2003">
  <ItemGroup>
    <Filter Include="インクルード">
      <UniqueIdentifier>{a723cb9d-545b-4c57-8dd3-b7ee25260a31}</UniqueIdentifier>
    </Filter>
    <Filter Include="ソース">
      <UniqueIdentifier>{cafa08b6-a32e-41ed-8cf7-a80f06675b81}</UniqueIdentifier>
    </Filter>
    <Filter Include="インクルード\BattleInst">
      <UniqueIdentifier>{cac56466-4323-4cd3-913b-5838e536c46b}</UniqueIdentifier>
    </Filter>
    <Filter Include="ソース\BattleInst">
      <UniqueIdentifier>{89a32012-8fb2-4907-9397-25eb2543bee7}</UniqueIdentifier>
    </Filter>
  </ItemGroup>
  <ItemGroup>
    <ClInclude Include="include\FieldGimmickBattleInst.h">
      <Filter>インクルード</Filter>
    </ClInclude>
    <ClInclude Include="include\BattleInst\BattleInstModelManager.h">
      <Filter>インクルード\BattleInst</Filter>
    </ClInclude>
    <ClInclude Include="include\BattleInst\BattleInstPlacementDataMoveModel.h">
      <Filter>インクルード\BattleInst</Filter>
    </ClInclude>
    <ClInclude Include="include\BattleInst\BattleInstModel.h">
      <Filter>インクルード\BattleInst</Filter>
    </ClInclude>
  </ItemGroup>
  <ItemGroup>
    <ClCompile Include="source\FieldGimmickBattleInst.cpp">
      <Filter>ソース</Filter>
    </ClCompile>
    <ClCompile Include="source\BattleInst\BattleInstModel.cpp">
      <Filter>ソース\BattleInst</Filter>
    </ClCompile>
    <ClCompile Include="source\BattleInst\BattleInstModelManager.cpp">
      <Filter>ソース\BattleInst</Filter>
    </ClCompile>
    <ClCompile Include="source\BattleInst\BattleInstPlacementDataMoveModel.cpp">
      <Filter>ソース\BattleInst</Filter>
    </ClCompile>
  </ItemGroup>
</Project>