<?xml version="1.0" encoding="utf-8"?>
<Project ToolsVersion="4.0" xmlns="http://schemas.microsoft.com/developer/msbuild/2003">
  <ItemGroup>
    <None Include="$(ProjectName).rsf">
      <Filter>ロム設定</Filter>
    </None>
    <None Include="$(ProjectName).props">
      <Filter>リンク設定</Filter>
    </None>
    <None Include="$(ProjectName).link.props">
      <Filter>リンク設定</Filter>
    </None>
  </ItemGroup>
  <ItemGroup>
    <Filter Include="ソース">
      <UniqueIdentifier>{7a15e5ea-df0e-41d6-b2a2-343157558be8}</UniqueIdentifier>
    </Filter>
    <Filter Include="リンク設定">
      <UniqueIdentifier>{5df21822-270c-4ece-b3dc-d5a158b6edb7}</UniqueIdentifier>
    </Filter>
    <Filter Include="ロム設定">
      <UniqueIdentifier>{d55a6644-4263-4f04-b684-2762455d91d0}</UniqueIdentifier>
    </Filter>
    <Filter Include="リソース">
      <UniqueIdentifier>{4a7d7619-356e-40bc-8bb2-3d64e4d88be2}</UniqueIdentifier>
    </Filter>
    <Filter Include="インクルード">
      <UniqueIdentifier>{79add618-191b-42ec-9a0e-5144e8e17e10}</UniqueIdentifier>
    </Filter>
  </ItemGroup>
  <ItemGroup>
    <ClCompile Include="main.cpp">
      <Filter>ソース</Filter>
    </ClCompile>
  </ItemGroup>
  <ItemGroup>
    <Text Include="romfiles\template.txt">
      <Filter>リソース</Filter>
    </Text>
  </ItemGroup>
</Project>