<?xml version="1.0" encoding="utf-8"?>
<Project ToolsVersion="4.0" xmlns="http://schemas.microsoft.com/developer/msbuild/2003">
  <ItemGroup>
    <Filter Include="インクルード">
      <UniqueIdentifier>{a723cb9d-545b-4c57-8dd3-b7ee25260a31}</UniqueIdentifier>
    </Filter>
    <Filter Include="ソース">
      <UniqueIdentifier>{cafa08b6-a32e-41ed-8cf7-a80f06675b81}</UniqueIdentifier>
    </Filter>
    <Filter Include="ソース\Frame">
      <UniqueIdentifier>{c241a6d8-7304-4b03-8e57-5626ec9f1437}</UniqueIdentifier>
    </Filter>
    <Filter Include="ソース\System">
      <UniqueIdentifier>{ecb7c68f-1647-4327-8b6c-13a980f530ed}</UniqueIdentifier>
    </Filter>
  </ItemGroup>
  <ItemGroup>
    <ClInclude Include="include\JoinFestaOpenListAppParam.h">
      <Filter>インクルード</Filter>
    </ClInclude>
    <ClInclude Include="include\JoinFestaOpenListProc.h">
      <Filter>インクルード</Filter>
    </ClInclude>
    <ClInclude Include="source\JoinFestaOpenListDefine.h">
      <Filter>ソース</Filter>
    </ClInclude>
    <ClInclude Include="source\JoinFestaOpenListFrameID.h">
      <Filter>ソース</Filter>
    </ClInclude>
    <ClInclude Include="source\JoinFestaOpenListFrameResult.h">
      <Filter>ソース</Filter>
    </ClInclude>
    <ClInclude Include="source\JoinFestaOpenListResourceID.h">
      <Filter>ソース</Filter>
    </ClInclude>
    <ClInclude Include="source\Frame\JoinFestaOpenListFrameBase.h">
      <Filter>ソース\Frame</Filter>
    </ClInclude>
    <ClInclude Include="source\System\JoinFestaOpenListApplicationSystem.h">
      <Filter>ソース\System</Filter>
    </ClInclude>
    <ClInclude Include="source\System\JoinFestaOpenListBuilder.h">
      <Filter>ソース\System</Filter>
    </ClInclude>
    <ClInclude Include="source\System\JoinFestaOpenListFrameFactory.h">
      <Filter>ソース\System</Filter>
    </ClInclude>
    <ClInclude Include="source\System\JoinFestaOpenListFrameSwitcher.h">
      <Filter>ソース\System</Filter>
    </ClInclude>
    <ClInclude Include="source\System\JoinFestaOpenListViewList.h">
      <Filter>ソース\System</Filter>
    </ClInclude>
    <ClInclude Include="source\System\JoinFestaOpenListViewObjects.h">
      <Filter>ソース\System</Filter>
    </ClInclude>
    <ClInclude Include="source\System\JoinFestaOpenListViewSystemAccessor.h">
      <Filter>ソース\System</Filter>
    </ClInclude>
    <ClInclude Include="source\System\JoinFestaOpenListWork.h">
      <Filter>ソース\System</Filter>
    </ClInclude>
    <ClInclude Include="source\Frame\JoinFestaOpenListSelectFrame.h">
      <Filter>ソース\Frame</Filter>
    </ClInclude>
    <ClInclude Include="source\Frame\JoinFestaOpenListDescriptionFrame.h">
      <Filter>ソース\Frame</Filter>
    </ClInclude>
  </ItemGroup>
  <ItemGroup>
    <ClCompile Include="source\JoinFestaOpenListProc.cpp">
      <Filter>ソース</Filter>
    </ClCompile>
    <ClCompile Include="source\Frame\JoinFestaOpenListFrameBase.cpp">
      <Filter>ソース\Frame</Filter>
    </ClCompile>
    <ClCompile Include="source\System\JoinFestaOpenListApplicationSystem.cpp">
      <Filter>ソース\System</Filter>
    </ClCompile>
    <ClCompile Include="source\System\JoinFestaOpenListBuilder.cpp">
      <Filter>ソース\System</Filter>
    </ClCompile>
    <ClCompile Include="source\System\JoinFestaOpenListFrameFactory.cpp">
      <Filter>ソース\System</Filter>
    </ClCompile>
    <ClCompile Include="source\System\JoinFestaOpenListFrameSwitcher.cpp">
      <Filter>ソース\System</Filter>
    </ClCompile>
    <ClCompile Include="source\System\JoinFestaOpenListViewList.cpp">
      <Filter>ソース\System</Filter>
    </ClCompile>
    <ClCompile Include="source\System\JoinFestaOpenListViewObjects.cpp">
      <Filter>ソース\System</Filter>
    </ClCompile>
    <ClCompile Include="source\System\JoinFestaOpenListViewSystemAccessor.cpp">
      <Filter>ソース\System</Filter>
    </ClCompile>
    <ClCompile Include="source\System\JoinFestaOpenListWork.cpp">
      <Filter>ソース\System</Filter>
    </ClCompile>
    <ClCompile Include="source\Frame\JoinFestaOpenListSelectFrame.cpp">
      <Filter>ソース\Frame</Filter>
    </ClCompile>
    <ClCompile Include="source\Frame\JoinFestaOpenListDescriptionFrame.cpp">
      <Filter>ソース\Frame</Filter>
    </ClCompile>
  </ItemGroup>
</Project>