<?xml version="1.0" encoding="utf-8"?>
<Project ToolsVersion="12.0" xmlns="http://schemas.microsoft.com/developer/msbuild/2003">
  <ItemGroup>
    <Filter Include="インクルード">
      <UniqueIdentifier>{a723cb9d-545b-4c57-8dd3-b7ee25260a31}</UniqueIdentifier>
    </Filter>
    <Filter Include="ソース">
      <UniqueIdentifier>{cafa08b6-a32e-41ed-8cf7-a80f06675b81}</UniqueIdentifier>
    </Filter>
    <Filter Include="ソース\Deco">
      <UniqueIdentifier>{ba94db0f-697f-450e-8ef5-90d72ab0a04f}</UniqueIdentifier>
    </Filter>
  </ItemGroup>
  <ItemGroup>
    <ClInclude Include="include\FinderStudioViewer.h">
      <Filter>インクルード</Filter>
    </ClInclude>
    <ClInclude Include="source\FinderStudioBackGround.h">
      <Filter>ソース</Filter>
    </ClInclude>
    <ClInclude Include="source\FinderStudioCameraSystem.h">
      <Filter>ソース</Filter>
    </ClInclude>
    <ClInclude Include="source\FinderStudioDebug.h">
      <Filter>ソース</Filter>
    </ClInclude>
    <ClInclude Include="source\FinderStudioDressUpChara.h">
      <Filter>ソース</Filter>
    </ClInclude>
    <ClInclude Include="source\FinderStudioPokemon.h">
      <Filter>ソース</Filter>
    </ClInclude>
    <ClInclude Include="source\FinderStudioRenderPipeLine.h">
      <Filter>ソース</Filter>
    </ClInclude>
    <ClInclude Include="source\FinderStudioRenderSystem.h">
      <Filter>ソース</Filter>
    </ClInclude>
    <ClInclude Include="source\FinderStudioPokemonAABB.h">
      <Filter>ソース</Filter>
    </ClInclude>
    <ClInclude Include="source\FinderStudioPokemonDataTable.h">
      <Filter>ソース</Filter>
    </ClInclude>
    <ClInclude Include="source\Deco\DecoComponent.h">
      <Filter>ソース\Deco</Filter>
    </ClInclude>
    <ClInclude Include="source\Deco\DecoItem.h">
      <Filter>ソース\Deco</Filter>
    </ClInclude>
    <ClInclude Include="source\Deco\DecoView.h">
      <Filter>ソース\Deco</Filter>
    </ClInclude>
  </ItemGroup>
  <ItemGroup>
    <ClCompile Include="source\FinderStudioBackGround.cpp">
      <Filter>ソース</Filter>
    </ClCompile>
    <ClCompile Include="source\FinderStudioCameraSystem.cpp">
      <Filter>ソース</Filter>
    </ClCompile>
    <ClCompile Include="source\FinderStudioDressUpChara.cpp">
      <Filter>ソース</Filter>
    </ClCompile>
    <ClCompile Include="source\FinderStudioPokemon.cpp">
      <Filter>ソース</Filter>
    </ClCompile>
    <ClCompile Include="source\FinderStudioRenderPipeLine.cpp">
      <Filter>ソース</Filter>
    </ClCompile>
    <ClCompile Include="source\FinderStudioRenderSystem.cpp">
      <Filter>ソース</Filter>
    </ClCompile>
    <ClCompile Include="source\FinderStudioViewer.cpp">
      <Filter>ソース</Filter>
    </ClCompile>
    <ClCompile Include="source\FinderStudioDebug.cpp">
      <Filter>ソース</Filter>
    </ClCompile>
    <ClCompile Include="source\FinderStudioPokemonAABB.cpp">
      <Filter>ソース</Filter>
    </ClCompile>
    <ClCompile Include="source\FinderStudioPokemonDataTable.cpp">
      <Filter>ソース</Filter>
    </ClCompile>
    <ClCompile Include="source\Deco\DecoComponent.cpp">
      <Filter>ソース\Deco</Filter>
    </ClCompile>
    <ClCompile Include="source\Deco\DecoItem.cpp">
      <Filter>ソース\Deco</Filter>
    </ClCompile>
    <ClCompile Include="source\Deco\DecoView.cpp">
      <Filter>ソース\Deco</Filter>
    </ClCompile>
  </ItemGroup>
</Project>