<?xml version="1.0" encoding="utf-8"?>
<Project ToolsVersion="4.0" xmlns="http://schemas.microsoft.com/developer/msbuild/2003">
  <ItemGroup>
    <Filter Include="インクルード">
      <UniqueIdentifier>{a723cb9d-545b-4c57-8dd3-b7ee25260a31}</UniqueIdentifier>
    </Filter>
    <Filter Include="ソース">
      <UniqueIdentifier>{cafa08b6-a32e-41ed-8cf7-a80f06675b81}</UniqueIdentifier>
    </Filter>
    <Filter Include="ソース\System">
      <UniqueIdentifier>{d8dd13df-fbd8-48bd-9902-f5b0bc230165}</UniqueIdentifier>
    </Filter>
    <Filter Include="ソース\Frame">
      <UniqueIdentifier>{c4349874-8055-47c0-bd43-3b806aec34d2}</UniqueIdentifier>
    </Filter>
  </ItemGroup>
  <ItemGroup>
    <ClInclude Include="include\JoinFestaAttractionListSelectAppParam.h">
      <Filter>インクルード</Filter>
    </ClInclude>
    <ClInclude Include="include\JoinFestaAttractionListSelectProc.h">
      <Filter>インクルード</Filter>
    </ClInclude>
    <ClInclude Include="source\JoinFestaAttractionListSelectDefine.h">
      <Filter>ソース</Filter>
    </ClInclude>
    <ClInclude Include="source\JoinFestaAttractionListSelectFrameID.h">
      <Filter>ソース</Filter>
    </ClInclude>
    <ClInclude Include="source\JoinFestaAttractionListSelectFrameResult.h">
      <Filter>ソース</Filter>
    </ClInclude>
    <ClInclude Include="source\JoinFestaAttractionListSelectResourceID.h">
      <Filter>ソース</Filter>
    </ClInclude>
    <ClInclude Include="source\Frame\JoinFestaAttractionListSelectFrameBase.h">
      <Filter>ソース\Frame</Filter>
    </ClInclude>
    <ClInclude Include="source\System\JoinFestaAttractionListSelectApplicationSystem.h">
      <Filter>ソース\System</Filter>
    </ClInclude>
    <ClInclude Include="source\System\JoinFestaAttractionListSelectBuilder.h">
      <Filter>ソース\System</Filter>
    </ClInclude>
    <ClInclude Include="source\System\JoinFestaAttractionListSelectFrameFactory.h">
      <Filter>ソース\System</Filter>
    </ClInclude>
    <ClInclude Include="source\System\JoinFestaAttractionListSelectFrameSwitcher.h">
      <Filter>ソース\System</Filter>
    </ClInclude>
    <ClInclude Include="source\System\JoinFestaAttractionListSelectViewList.h">
      <Filter>ソース\System</Filter>
    </ClInclude>
    <ClInclude Include="source\System\JoinFestaAttractionListSelectViewObjects.h">
      <Filter>ソース\System</Filter>
    </ClInclude>
    <ClInclude Include="source\System\JoinFestaAttractionListSelectViewSystemAccessor.h">
      <Filter>ソース\System</Filter>
    </ClInclude>
    <ClInclude Include="source\System\JoinFestaAttractionListSelectWork.h">
      <Filter>ソース\System</Filter>
    </ClInclude>
    <ClInclude Include="source\Frame\JoinFestaAttractionListSelectDescriptionFrame.h">
      <Filter>ソース\Frame</Filter>
    </ClInclude>
    <ClInclude Include="source\Frame\JoinFestaAttractionListSelectEntryFrame.h">
      <Filter>ソース\Frame</Filter>
    </ClInclude>
    <ClInclude Include="source\Frame\JoinFestaAttractionListSelectOpenFrame.h">
      <Filter>ソース\Frame</Filter>
    </ClInclude>
  </ItemGroup>
  <ItemGroup>
    <ClCompile Include="source\JoinFestaAttractionListSelectProc.cpp">
      <Filter>ソース</Filter>
    </ClCompile>
    <ClCompile Include="source\Frame\JoinFestaAttractionListSelectFrameBase.cpp">
      <Filter>ソース\Frame</Filter>
    </ClCompile>
    <ClCompile Include="source\System\JoinFestaAttractionListSelectApplicationSystem.cpp">
      <Filter>ソース\System</Filter>
    </ClCompile>
    <ClCompile Include="source\System\JoinFestaAttractionListSelectBuilder.cpp">
      <Filter>ソース\System</Filter>
    </ClCompile>
    <ClCompile Include="source\System\JoinFestaAttractionListSelectFrameFactory.cpp">
      <Filter>ソース\System</Filter>
    </ClCompile>
    <ClCompile Include="source\System\JoinFestaAttractionListSelectFrameSwitcher.cpp">
      <Filter>ソース\System</Filter>
    </ClCompile>
    <ClCompile Include="source\System\JoinFestaAttractionListSelectViewList.cpp">
      <Filter>ソース\System</Filter>
    </ClCompile>
    <ClCompile Include="source\System\JoinFestaAttractionListSelectViewObjects.cpp">
      <Filter>ソース\System</Filter>
    </ClCompile>
    <ClCompile Include="source\System\JoinFestaAttractionListSelectViewSystemAccessor.cpp">
      <Filter>ソース\System</Filter>
    </ClCompile>
    <ClCompile Include="source\System\JoinFestaAttractionListSelectWork.cpp">
      <Filter>ソース\System</Filter>
    </ClCompile>
    <ClCompile Include="source\Frame\JoinFestaAttractionListSelectOpenFrame.cpp">
      <Filter>ソース\Frame</Filter>
    </ClCompile>
    <ClCompile Include="source\Frame\JoinFestaAttractionListSelectDescriptionFrame.cpp">
      <Filter>ソース\Frame</Filter>
    </ClCompile>
    <ClCompile Include="source\Frame\JoinFestaAttractionListSelectEntryFrame.cpp">
      <Filter>ソース\Frame</Filter>
    </ClCompile>
  </ItemGroup>
</Project>