<?xml version="1.0" encoding="utf-8"?>
<Project ToolsVersion="4.0" xmlns="http://schemas.microsoft.com/developer/msbuild/2003">
  <ItemGroup>
    <Filter Include="ソース">
      <UniqueIdentifier>{ae651375-940a-4dac-b6cc-5c8c2b24ec6e}</UniqueIdentifier>
    </Filter>
    <Filter Include="ヘッダ">
      <UniqueIdentifier>{cafa08b6-a32e-41ed-8cf7-a80f06675b81}</UniqueIdentifier>
    </Filter>
    <Filter Include="ソース\temp">
      <UniqueIdentifier>{26e19760-bed1-47e5-83fe-770784235131}</UniqueIdentifier>
    </Filter>
  </ItemGroup>
  <ItemGroup>
    <ClCompile Include="source\DebugNumInput.cpp">
      <Filter>ソース</Filter>
    </ClCompile>
    <ClCompile Include="source\temp\DebugNumInputTemp_app_util.cpp">
      <Filter>ソース\temp</Filter>
    </ClCompile>
  </ItemGroup>
  <ItemGroup>
    <ClInclude Include="include\DebugNumInput.h">
      <Filter>ヘッダ</Filter>
    </ClInclude>
    <ClInclude Include="source\temp\DebugNumInputTemp_app_util.h">
      <Filter>ソース\temp</Filter>
    </ClInclude>
  </ItemGroup>
</Project>