<?xml version="1.0" encoding="utf-8"?>
<Project ToolsVersion="12.0" xmlns="http://schemas.microsoft.com/developer/msbuild/2003">
  <ItemGroup>
    <Filter Include="インクルード">
      <UniqueIdentifier>{a723cb9d-545b-4c57-8dd3-b7ee25260a31}</UniqueIdentifier>
    </Filter>
    <Filter Include="ソース">
      <UniqueIdentifier>{cafa08b6-a32e-41ed-8cf7-a80f06675b81}</UniqueIdentifier>
    </Filter>
    <Filter Include="ソース\Frame">
      <UniqueIdentifier>{4ba795c3-ada4-48ce-9da6-91fe2992aedb}</UniqueIdentifier>
    </Filter>
    <Filter Include="ソース\View">
      <UniqueIdentifier>{16930cf3-426b-4876-a617-c1074a96b8b1}</UniqueIdentifier>
    </Filter>
  </ItemGroup>
  <ItemGroup>
    <ClInclude Include="include\FinderStudioDecorationProc.h">
      <Filter>インクルード</Filter>
    </ClInclude>
    <ClInclude Include="source\FinderStudioDecorationHeapDefine.h">
      <Filter>ソース</Filter>
    </ClInclude>
    <ClInclude Include="source\Frame\FinderStudioDecorationFrameManager.h">
      <Filter>ソース\Frame</Filter>
    </ClInclude>
    <ClInclude Include="source\Frame\FinderStudioDecorationFrameDefine.h">
      <Filter>ソース\Frame</Filter>
    </ClInclude>
    <ClInclude Include="source\Frame\FinderStudioDecorationFrameBase.h">
      <Filter>ソース\Frame</Filter>
    </ClInclude>
    <ClInclude Include="source\View\FinderStudioDecorationViewDefine.h">
      <Filter>ソース\View</Filter>
    </ClInclude>
    <ClInclude Include="source\Frame\FinderStudioDecorationSDCardLoadFrame.h">
      <Filter>ソース\Frame</Filter>
    </ClInclude>
    <ClInclude Include="source\Frame\FinderStudioDecorationSDCardSaveFrame.h">
      <Filter>ソース\Frame</Filter>
    </ClInclude>
    <ClInclude Include="source\Frame\FinderStudioDecorationMainFrame.h">
      <Filter>ソース\Frame</Filter>
    </ClInclude>
    <ClInclude Include="source\Frame\FinderStudioDecorationFrameSequence.h">
      <Filter>ソース\Frame</Filter>
    </ClInclude>
    <ClInclude Include="source\View\FinderStudioDecorationUpperView.h">
      <Filter>ソース\View</Filter>
    </ClInclude>
    <ClInclude Include="source\View\FinderStudioDecorationViewBase.h">
      <Filter>ソース\View</Filter>
    </ClInclude>
    <ClInclude Include="source\View\FinderStudioDecorationLowerMainView.h">
      <Filter>ソース\View</Filter>
    </ClInclude>
    <ClInclude Include="source\View\FinderStudioDecorationLowerFrameListView.h">
      <Filter>ソース\View</Filter>
    </ClInclude>
    <ClInclude Include="source\View\FinderStudioDecorationLowerStampListView.h">
      <Filter>ソース\View</Filter>
    </ClInclude>
    <ClInclude Include="source\View\FinderStudioDecorationViewListener.h">
      <Filter>ソース\View</Filter>
    </ClInclude>
    <ClInclude Include="source\FinderStudioDecorationDecoItemManager.h">
      <Filter>ソース</Filter>
    </ClInclude>
    <ClInclude Include="source\View\FinderStudioDecorationLowerBGView.h">
      <Filter>ソース\View</Filter>
    </ClInclude>
    <ClInclude Include="source\FinderStudioDecorationWork.h">
      <Filter>ソース</Filter>
    </ClInclude>
  </ItemGroup>
  <ItemGroup>
    <ClCompile Include="source\FinderStudioDecorationProc.cpp">
      <Filter>ソース</Filter>
    </ClCompile>
    <ClCompile Include="source\Frame\FinderStudioDecorationFrameManager.cpp">
      <Filter>ソース\Frame</Filter>
    </ClCompile>
    <ClCompile Include="source\Frame\FinderStudioDecorationSDCardLoadFrame.cpp">
      <Filter>ソース\Frame</Filter>
    </ClCompile>
    <ClCompile Include="source\Frame\FinderStudioDecorationSDCardSaveFrame.cpp">
      <Filter>ソース\Frame</Filter>
    </ClCompile>
    <ClCompile Include="source\Frame\FinderStudioDecorationMainFrame.cpp">
      <Filter>ソース\Frame</Filter>
    </ClCompile>
    <ClCompile Include="source\Frame\FinderStudioDecorationFrameSequence.cpp">
      <Filter>ソース\Frame</Filter>
    </ClCompile>
    <ClCompile Include="source\View\FinderStudioDecorationUpperView.cpp">
      <Filter>ソース\View</Filter>
    </ClCompile>
    <ClCompile Include="source\View\FinderStudioDecorationViewBase.cpp">
      <Filter>ソース\View</Filter>
    </ClCompile>
    <ClCompile Include="source\View\FinderStudioDecorationLowerMainView.cpp">
      <Filter>ソース\View</Filter>
    </ClCompile>
    <ClCompile Include="source\View\FinderStudioDecorationLowerFrameListView.cpp">
      <Filter>ソース\View</Filter>
    </ClCompile>
    <ClCompile Include="source\View\FinderStudioDecorationLowerStampListView.cpp">
      <Filter>ソース\View</Filter>
    </ClCompile>
    <ClCompile Include="source\FinderStudioDecorationDecoItemManager.cpp">
      <Filter>ソース</Filter>
    </ClCompile>
    <ClCompile Include="source\View\FinderStudioDecorationLowerBGView.cpp">
      <Filter>ソース\View</Filter>
    </ClCompile>
  </ItemGroup>
</Project>