<?xml version="1.0" encoding="utf-8"?>
<Project ToolsVersion="4.0" xmlns="http://schemas.microsoft.com/developer/msbuild/2003">
  <ItemGroup>
    <Filter Include="インクルード">
      <UniqueIdentifier>{a723cb9d-545b-4c57-8dd3-b7ee25260a31}</UniqueIdentifier>
    </Filter>
    <Filter Include="ソース">
      <UniqueIdentifier>{cafa08b6-a32e-41ed-8cf7-a80f06675b81}</UniqueIdentifier>
    </Filter>
    <Filter Include="ソース\ApplicationSystem">
      <UniqueIdentifier>{62354ccb-38e4-4c67-b523-2af5f6e7a4a2}</UniqueIdentifier>
    </Filter>
    <Filter Include="ソース\Common">
      <UniqueIdentifier>{d374a6b0-da4f-402d-a86b-10626cb222d2}</UniqueIdentifier>
    </Filter>
    <Filter Include="ソース\Frames">
      <UniqueIdentifier>{a66db32a-f19b-4435-9ac7-e6f65ec2c905}</UniqueIdentifier>
    </Filter>
    <Filter Include="ソース\Views">
      <UniqueIdentifier>{7057d69a-5b01-4bce-9658-ba01ab029e23}</UniqueIdentifier>
    </Filter>
    <Filter Include="ソース\Views\Base">
      <UniqueIdentifier>{67eaa705-9919-413b-b4c0-c2c0c71904e8}</UniqueIdentifier>
    </Filter>
  </ItemGroup>
  <ItemGroup>
    <ClInclude Include="include\LiveAppParam.h">
      <Filter>インクルード</Filter>
    </ClInclude>
    <ClInclude Include="include\LiveProc.h">
      <Filter>インクルード</Filter>
    </ClInclude>
    <ClInclude Include="source\LiveResource.h">
      <Filter>ソース</Filter>
    </ClInclude>
    <ClInclude Include="source\LiveFrameDef.h">
      <Filter>ソース</Filter>
    </ClInclude>
    <ClInclude Include="source\ApplicationSystem\LiveApplicationSystem.h">
      <Filter>ソース\ApplicationSystem</Filter>
    </ClInclude>
    <ClInclude Include="source\ApplicationSystem\LiveBuilder.h">
      <Filter>ソース\ApplicationSystem</Filter>
    </ClInclude>
    <ClInclude Include="source\ApplicationSystem\LiveFrameFactory.h">
      <Filter>ソース\ApplicationSystem</Filter>
    </ClInclude>
    <ClInclude Include="source\ApplicationSystem\LiveFrameSwitcher.h">
      <Filter>ソース\ApplicationSystem</Filter>
    </ClInclude>
    <ClInclude Include="source\ApplicationSystem\LiveWork.h">
      <Filter>ソース\ApplicationSystem</Filter>
    </ClInclude>
    <ClInclude Include="source\Frames\LiveFrame_Main.h">
      <Filter>ソース\Frames</Filter>
    </ClInclude>
    <ClInclude Include="source\Views\Base\LowerView_Selection.h">
      <Filter>ソース\Views\Base</Filter>
    </ClInclude>
    <ClInclude Include="source\Views\Base\UpperView_Main.h">
      <Filter>ソース\Views\Base</Filter>
    </ClInclude>
    <ClInclude Include="source\Views\Base\UpperView_Message.h">
      <Filter>ソース\Views\Base</Filter>
    </ClInclude>
    <ClInclude Include="source\Views\LiveMessageMenu.h">
      <Filter>ソース\Views</Filter>
    </ClInclude>
    <ClInclude Include="source\Views\Base\IDCardParts.h">
      <Filter>ソース\Views\Base</Filter>
    </ClInclude>
    <ClInclude Include="source\Views\Base\IDCardParts_LowerSelection.h">
      <Filter>ソース\Views\Base</Filter>
    </ClInclude>
    <ClInclude Include="source\Views\Base\IDCardParts_UpperMain.h">
      <Filter>ソース\Views\Base</Filter>
    </ClInclude>
    <ClInclude Include="source\Views\LiveViewContainer.h">
      <Filter>ソース\Views</Filter>
    </ClInclude>
    <ClInclude Include="source\Frames\LiveFrame_ReceivePlayerPass.h">
      <Filter>ソース\Frames</Filter>
    </ClInclude>
    <ClInclude Include="source\Frames\LiveFrame_Registration.h">
      <Filter>ソース\Frames</Filter>
    </ClInclude>
    <ClInclude Include="source\Frames\LiveFrame_CheckRemainingMatches.h">
      <Filter>ソース\Frames</Filter>
    </ClInclude>
    <ClInclude Include="source\Frames\LiveFrame_MatchMenu.h">
      <Filter>ソース\Frames</Filter>
    </ClInclude>
    <ClInclude Include="source\Frames\LiveFrame_ReplayMatch.h">
      <Filter>ソース\Frames</Filter>
    </ClInclude>
    <ClInclude Include="source\Frames\LiveFrame_Deregistration.h">
      <Filter>ソース\Frames</Filter>
    </ClInclude>
    <ClInclude Include="source\Frames\LiveFrame_Matching.h">
      <Filter>ソース\Frames</Filter>
    </ClInclude>
    <ClInclude Include="source\Frames\LiveFrame_MatchResult.h">
      <Filter>ソース\Frames</Filter>
    </ClInclude>
  </ItemGroup>
  <ItemGroup>
    <ClCompile Include="source\LiveProc.cpp">
      <Filter>ソース</Filter>
    </ClCompile>
    <ClCompile Include="source\ApplicationSystem\LiveApplicationSystem.cpp">
      <Filter>ソース\ApplicationSystem</Filter>
    </ClCompile>
    <ClCompile Include="source\ApplicationSystem\LiveBuilder.cpp">
      <Filter>ソース\ApplicationSystem</Filter>
    </ClCompile>
    <ClCompile Include="source\ApplicationSystem\LiveFrameFactory.cpp">
      <Filter>ソース\ApplicationSystem</Filter>
    </ClCompile>
    <ClCompile Include="source\ApplicationSystem\LiveFrameSwitcher.cpp">
      <Filter>ソース\ApplicationSystem</Filter>
    </ClCompile>
    <ClCompile Include="source\ApplicationSystem\LiveWork.cpp">
      <Filter>ソース\ApplicationSystem</Filter>
    </ClCompile>
    <ClCompile Include="source\LiveFrameDef.cpp">
      <Filter>ソース</Filter>
    </ClCompile>
    <ClCompile Include="source\Frames\LiveFrame_Main.cpp">
      <Filter>ソース\Frames</Filter>
    </ClCompile>
    <ClCompile Include="source\Views\Base\LowerView_Selection.cpp">
      <Filter>ソース\Views\Base</Filter>
    </ClCompile>
    <ClCompile Include="source\Views\Base\UpperView_Main.cpp">
      <Filter>ソース\Views\Base</Filter>
    </ClCompile>
    <ClCompile Include="source\Views\Base\UpperView_Message.cpp">
      <Filter>ソース\Views\Base</Filter>
    </ClCompile>
    <ClCompile Include="source\Views\LiveMessageMenu.cpp">
      <Filter>ソース\Views</Filter>
    </ClCompile>
    <ClCompile Include="source\Views\Base\IDCardParts.cpp">
      <Filter>ソース\Views\Base</Filter>
    </ClCompile>
    <ClCompile Include="source\Views\Base\IDCardParts_LowerSelection.cpp">
      <Filter>ソース\Views\Base</Filter>
    </ClCompile>
    <ClCompile Include="source\Views\Base\IDCardParts_UpperMain.cpp">
      <Filter>ソース\Views\Base</Filter>
    </ClCompile>
    <ClCompile Include="source\Views\LiveViewContainer.cpp">
      <Filter>ソース\Views</Filter>
    </ClCompile>
    <ClCompile Include="source\Frames\LiveFrame_ReceivePlayerPass.cpp">
      <Filter>ソース\Frames</Filter>
    </ClCompile>
    <ClCompile Include="source\Frames\LiveFrame_Registration.cpp">
      <Filter>ソース\Frames</Filter>
    </ClCompile>
    <ClCompile Include="source\Frames\LiveFrame_CheckRemainingMatches.cpp">
      <Filter>ソース\Frames</Filter>
    </ClCompile>
    <ClCompile Include="source\Frames\LiveFrame_MatchMenu.cpp">
      <Filter>ソース\Frames</Filter>
    </ClCompile>
    <ClCompile Include="source\Frames\LiveFrame_ReplayMatch.cpp">
      <Filter>ソース\Frames</Filter>
    </ClCompile>
    <ClCompile Include="source\Frames\LiveFrame_Deregistration.cpp">
      <Filter>ソース\Frames</Filter>
    </ClCompile>
    <ClCompile Include="source\Frames\LiveFrame_Matching.cpp">
      <Filter>ソース\Frames</Filter>
    </ClCompile>
    <ClCompile Include="source\Frames\LiveFrame_MatchResult.cpp">
      <Filter>ソース\Frames</Filter>
    </ClCompile>
  </ItemGroup>
</Project>