<?xml version="1.0" encoding="utf-8"?>
<Project ToolsVersion="4.0" xmlns="http://schemas.microsoft.com/developer/msbuild/2003">
  <ItemGroup>
    <Filter Include="インクルード">
      <UniqueIdentifier>{a723cb9d-545b-4c57-8dd3-b7ee25260a31}</UniqueIdentifier>
    </Filter>
    <Filter Include="ソース">
      <UniqueIdentifier>{cafa08b6-a32e-41ed-8cf7-a80f06675b81}</UniqueIdentifier>
    </Filter>
  </ItemGroup>
  <ItemGroup>
    <ClInclude Include="source\MenuSampleDraw.h">
      <Filter>ソース</Filter>
    </ClInclude>
    <ClInclude Include="source\MenuSampleDrawListener.h">
      <Filter>ソース</Filter>
    </ClInclude>
    <ClInclude Include="source\MenuSampleFrame.h">
      <Filter>ソース</Filter>
    </ClInclude>
    <ClInclude Include="source\TalkWindowSampleDrawListener.h">
      <Filter>ソース</Filter>
    </ClInclude>
    <ClInclude Include="source\TalkWindowSampleFrame.h">
      <Filter>ソース</Filter>
    </ClInclude>
    <ClInclude Include="source\YesNoSampleDraw.h">
      <Filter>ソース</Filter>
    </ClInclude>
    <ClInclude Include="source\YesNoSampleDrawListener.h">
      <Filter>ソース</Filter>
    </ClInclude>
    <ClInclude Include="source\YesNoSampleFrame.h">
      <Filter>ソース</Filter>
    </ClInclude>
    <ClInclude Include="source\FieldMessageSampleDraw.h">
      <Filter>ソース</Filter>
    </ClInclude>
    <ClInclude Include="source\FieldMessageSampleDrawListener.h">
      <Filter>ソース</Filter>
    </ClInclude>
    <ClInclude Include="source\FieldMessageSampleFrame.h">
      <Filter>ソース</Filter>
    </ClInclude>
    <ClInclude Include="source\ListSampleFrame.h">
      <Filter>ソース</Filter>
    </ClInclude>
    <ClInclude Include="include\ListSampleEvent.h">
      <Filter>インクルード</Filter>
    </ClInclude>
    <ClInclude Include="include\ListSampleParam.h">
      <Filter>インクルード</Filter>
    </ClInclude>
    <ClInclude Include="include\ListSampleProc.h">
      <Filter>インクルード</Filter>
    </ClInclude>
    <ClInclude Include="include\MenuSampleAppParam.h">
      <Filter>インクルード</Filter>
    </ClInclude>
    <ClInclude Include="include\MenuSampleEvent.h">
      <Filter>インクルード</Filter>
    </ClInclude>
    <ClInclude Include="include\MenuTestProc.h">
      <Filter>インクルード</Filter>
    </ClInclude>
    <ClInclude Include="include\OhnoDebugStartProc.h">
      <Filter>インクルード</Filter>
    </ClInclude>
    <ClInclude Include="include\TalkWindowSampleAppParam.h">
      <Filter>インクルード</Filter>
    </ClInclude>
    <ClInclude Include="include\TalkWindowSampleEvent.h">
      <Filter>インクルード</Filter>
    </ClInclude>
    <ClInclude Include="include\TalkWindowSampleProc.h">
      <Filter>インクルード</Filter>
    </ClInclude>
    <ClInclude Include="include\ThreadSampleEvent.h">
      <Filter>インクルード</Filter>
    </ClInclude>
    <ClInclude Include="include\ThreadTestProc.h">
      <Filter>インクルード</Filter>
    </ClInclude>
    <ClInclude Include="include\DebugBoxEvent.h">
      <Filter>インクルード</Filter>
    </ClInclude>
    <ClInclude Include="include\FieldMessageSampleAppParam.h">
      <Filter>インクルード</Filter>
    </ClInclude>
    <ClInclude Include="include\FieldMessageSampleEvent.h">
      <Filter>インクルード</Filter>
    </ClInclude>
    <ClInclude Include="include\FieldMessageSampleProc.h">
      <Filter>インクルード</Filter>
    </ClInclude>
  </ItemGroup>
  <ItemGroup>
    <ClCompile Include="source\MenuSampleDraw.cpp">
      <Filter>ソース</Filter>
    </ClCompile>
    <ClCompile Include="source\MenuSampleEvent.cpp">
      <Filter>ソース</Filter>
    </ClCompile>
    <ClCompile Include="source\MenuSampleFrame.cpp">
      <Filter>ソース</Filter>
    </ClCompile>
    <ClCompile Include="source\MenuTestProc.cpp">
      <Filter>ソース</Filter>
    </ClCompile>
    <ClCompile Include="source\OhnoDebugStartProc.cpp">
      <Filter>ソース</Filter>
    </ClCompile>
    <ClCompile Include="source\TalkWindowSampleEvent.cpp">
      <Filter>ソース</Filter>
    </ClCompile>
    <ClCompile Include="source\TalkWindowSampleFrame.cpp">
      <Filter>ソース</Filter>
    </ClCompile>
    <ClCompile Include="source\TalkWindowSampleProc.cpp">
      <Filter>ソース</Filter>
    </ClCompile>
    <ClCompile Include="source\ThreadSampleEvent.cpp">
      <Filter>ソース</Filter>
    </ClCompile>
    <ClCompile Include="source\ThreadTestProc.cpp">
      <Filter>ソース</Filter>
    </ClCompile>
    <ClCompile Include="source\YesNoSampleDraw.cpp">
      <Filter>ソース</Filter>
    </ClCompile>
    <ClCompile Include="source\YesNoSampleFrame.cpp">
      <Filter>ソース</Filter>
    </ClCompile>
    <ClCompile Include="source\FieldMessageSampleDraw.cpp">
      <Filter>ソース</Filter>
    </ClCompile>
    <ClCompile Include="source\FieldMessageSampleEvent.cpp">
      <Filter>ソース</Filter>
    </ClCompile>
    <ClCompile Include="source\FieldMessageSampleFrame.cpp">
      <Filter>ソース</Filter>
    </ClCompile>
    <ClCompile Include="source\FieldMessageSampleProc.cpp">
      <Filter>ソース</Filter>
    </ClCompile>
    <ClCompile Include="source\ListSampleEvent.cpp">
      <Filter>ソース</Filter>
    </ClCompile>
    <ClCompile Include="source\ListSampleFrame.cpp">
      <Filter>ソース</Filter>
    </ClCompile>
    <ClCompile Include="source\ListSampleProc.cpp">
      <Filter>ソース</Filter>
    </ClCompile>
  </ItemGroup>
</Project>