<?xml version="1.0" encoding="utf-8"?>
<Project ToolsVersion="4.0" xmlns="http://schemas.microsoft.com/developer/msbuild/2003">
  <ItemGroup>
    <Filter Include="ソース ファイル">
      <UniqueIdentifier>{c084f900-7f1e-4fd5-b003-80d83a07eddd}</UniqueIdentifier>
      <Extensions>cpp;cxx;c++;cc;CC;c;s</Extensions>
    </Filter>
    <Filter Include="ヘッダー ファイル">
      <UniqueIdentifier>{08d16919-ca9b-4ff4-9581-eb4e99c58afd}</UniqueIdentifier>
      <Extensions>h;hpp</Extensions>
    </Filter>
    <Filter Include="CTR Property">
      <UniqueIdentifier>{214e0973-1213-4871-b29e-fe48a23668ff}</UniqueIdentifier>
    </Filter>
    <Filter Include="ソース ファイル\Camera">
      <UniqueIdentifier>{f54fe890-b667-406c-a447-1a8877f82e1d}</UniqueIdentifier>
    </Filter>
    <Filter Include="ヘッダー ファイル\Camera">
      <UniqueIdentifier>{c9802ff9-a7ab-4887-b486-01e7775905b7}</UniqueIdentifier>
    </Filter>
  </ItemGroup>
  <ItemGroup>
    <ClInclude Include="include\Camera\gfl2_DeviceCamera_Controller.h">
      <Filter>ヘッダー ファイル\Camera</Filter>
    </ClInclude>
    <ClInclude Include="include\Camera\gfl2_DeviceCamera_DefaultSettings.h">
      <Filter>ヘッダー ファイル\Camera</Filter>
    </ClInclude>
    <ClInclude Include="include\Camera\gfl2_DeviceCamera_System.h">
      <Filter>ヘッダー ファイル\Camera</Filter>
    </ClInclude>
    <ClInclude Include="include\Camera\gfl2_DeviceCamera_Types.h">
      <Filter>ヘッダー ファイル\Camera</Filter>
    </ClInclude>
    <ClInclude Include="source\Camera\gfl2_DeviceCamera_BufferManager.h">
      <Filter>ソース ファイル\Camera</Filter>
    </ClInclude>
    <ClInclude Include="source\Camera\gfl2_DeviceCamera_CameraThread.h">
      <Filter>ソース ファイル\Camera</Filter>
    </ClInclude>
    <ClInclude Include="source\Camera\gfl2_DeviceCamera_Y2rThread.h">
      <Filter>ソース ファイル\Camera</Filter>
    </ClInclude>
  </ItemGroup>
  <ItemGroup>
    <ClCompile Include="source\Camera\gfl2_DeviceCamera_BufferManager.cpp">
      <Filter>ソース ファイル\Camera</Filter>
    </ClCompile>
    <ClCompile Include="source\Camera\gfl2_DeviceCamera_CameraThread.cpp">
      <Filter>ソース ファイル\Camera</Filter>
    </ClCompile>
    <ClCompile Include="source\Camera\gfl2_DeviceCamera_Controller.cpp">
      <Filter>ソース ファイル\Camera</Filter>
    </ClCompile>
    <ClCompile Include="source\Camera\gfl2_DeviceCamera_DefaultSettings.cpp">
      <Filter>ソース ファイル\Camera</Filter>
    </ClCompile>
    <ClCompile Include="source\Camera\gfl2_DeviceCamera_System.cpp">
      <Filter>ソース ファイル\Camera</Filter>
    </ClCompile>
    <ClCompile Include="source\Camera\gfl2_DeviceCamera_Y2rThread.cpp">
      <Filter>ソース ファイル\Camera</Filter>
    </ClCompile>
  </ItemGroup>
</Project>