<?xml version="1.0" encoding="utf-8"?>
<Project ToolsVersion="4.0" xmlns="http://schemas.microsoft.com/developer/msbuild/2003">
  <ItemGroup>
    <Filter Include="インクルード">
      <UniqueIdentifier>{a723cb9d-545b-4c57-8dd3-b7ee25260a31}</UniqueIdentifier>
    </Filter>
    <Filter Include="ソース">
      <UniqueIdentifier>{cafa08b6-a32e-41ed-8cf7-a80f06675b81}</UniqueIdentifier>
    </Filter>
    <Filter Include="ソース\Frame">
      <UniqueIdentifier>{5dcd24b3-f6a1-4276-ace3-6f3e272e5870}</UniqueIdentifier>
    </Filter>
    <Filter Include="ソース\System">
      <UniqueIdentifier>{91be42f8-23c8-4da2-acf6-d4ca096d0565}</UniqueIdentifier>
    </Filter>
    <Filter Include="ソース\View">
      <UniqueIdentifier>{4996ad5a-0050-4248-b97a-2b0bac0ca548}</UniqueIdentifier>
    </Filter>
  </ItemGroup>
  <ItemGroup>
    <ClInclude Include="include\JoinFestaProfileAppParam.h">
      <Filter>インクルード</Filter>
    </ClInclude>
    <ClInclude Include="include\JoinFestaProfileProc.h">
      <Filter>インクルード</Filter>
    </ClInclude>
    <ClInclude Include="source\JoinFestaProfileDefine.h">
      <Filter>ソース</Filter>
    </ClInclude>
    <ClInclude Include="source\JoinFestaProfileFrameID.h">
      <Filter>ソース</Filter>
    </ClInclude>
    <ClInclude Include="source\JoinFestaProfileFrameResult.h">
      <Filter>ソース</Filter>
    </ClInclude>
    <ClInclude Include="source\JoinFestaProfileResourceID.h">
      <Filter>ソース</Filter>
    </ClInclude>
    <ClInclude Include="source\Frame\JoinFestaProfileFrameBase.h">
      <Filter>ソース\Frame</Filter>
    </ClInclude>
    <ClInclude Include="source\View\JoinFestaProfileLowerView.h">
      <Filter>ソース\View</Filter>
    </ClInclude>
    <ClInclude Include="source\View\JoinFestaProfileLowerViewListener.h">
      <Filter>ソース\View</Filter>
    </ClInclude>
    <ClInclude Include="source\View\JoinFestaProfileUpperView.h">
      <Filter>ソース\View</Filter>
    </ClInclude>
    <ClInclude Include="source\System\JoinFestaProfileApplicationSystem.h">
      <Filter>ソース\System</Filter>
    </ClInclude>
    <ClInclude Include="source\System\JoinFestaProfileBuilder.h">
      <Filter>ソース\System</Filter>
    </ClInclude>
    <ClInclude Include="source\System\JoinFestaProfileFrameFactory.h">
      <Filter>ソース\System</Filter>
    </ClInclude>
    <ClInclude Include="source\System\JoinFestaProfileFrameSwitcher.h">
      <Filter>ソース\System</Filter>
    </ClInclude>
    <ClInclude Include="source\System\JoinFestaProfileViewList.h">
      <Filter>ソース\System</Filter>
    </ClInclude>
    <ClInclude Include="source\System\JoinFestaProfileViewObjects.h">
      <Filter>ソース\System</Filter>
    </ClInclude>
    <ClInclude Include="source\System\JoinFestaProfileViewSystemAccessor.h">
      <Filter>ソース\System</Filter>
    </ClInclude>
    <ClInclude Include="source\System\JoinFestaProfileWork.h">
      <Filter>ソース\System</Filter>
    </ClInclude>
    <ClInclude Include="source\Frame\JoinFestaProfileSelectEditMenuFrame.h">
      <Filter>ソース\Frame</Filter>
    </ClInclude>
    <ClInclude Include="source\View\JoinFestaProfileMessageMenuLowerView.h">
      <Filter>ソース\View</Filter>
    </ClInclude>
    <ClInclude Include="source\View\JoinFestaProfileMessageMenuLowerViewListener.h">
      <Filter>ソース\View</Filter>
    </ClInclude>
    <ClInclude Include="source\System\JoinFestaProfileTypes.h">
      <Filter>ソース\System</Filter>
    </ClInclude>
    <ClInclude Include="source\Frame\JoinFestaProfileDescriptionFrame.h">
      <Filter>ソース\Frame</Filter>
    </ClInclude>
    <ClInclude Include="source\Frame\JoinFestaProfileNameInputFrame.h">
      <Filter>ソース\Frame</Filter>
    </ClInclude>
  </ItemGroup>
  <ItemGroup>
    <ClCompile Include="source\JoinFestaProfileProc.cpp">
      <Filter>ソース</Filter>
    </ClCompile>
    <ClCompile Include="source\Frame\JoinFestaProfileFrameBase.cpp">
      <Filter>ソース\Frame</Filter>
    </ClCompile>
    <ClCompile Include="source\View\JoinFestaProfileLowerView.cpp">
      <Filter>ソース\View</Filter>
    </ClCompile>
    <ClCompile Include="source\View\JoinFestaProfileUpperView.cpp">
      <Filter>ソース\View</Filter>
    </ClCompile>
    <ClCompile Include="source\System\JoinFestaProfileApplicationSystem.cpp">
      <Filter>ソース\System</Filter>
    </ClCompile>
    <ClCompile Include="source\System\JoinFestaProfileBuilder.cpp">
      <Filter>ソース\System</Filter>
    </ClCompile>
    <ClCompile Include="source\System\JoinFestaProfileFrameFactory.cpp">
      <Filter>ソース\System</Filter>
    </ClCompile>
    <ClCompile Include="source\System\JoinFestaProfileFrameSwitcher.cpp">
      <Filter>ソース\System</Filter>
    </ClCompile>
    <ClCompile Include="source\System\JoinFestaProfileViewList.cpp">
      <Filter>ソース\System</Filter>
    </ClCompile>
    <ClCompile Include="source\System\JoinFestaProfileViewObjects.cpp">
      <Filter>ソース\System</Filter>
    </ClCompile>
    <ClCompile Include="source\System\JoinFestaProfileViewSystemAccessor.cpp">
      <Filter>ソース\System</Filter>
    </ClCompile>
    <ClCompile Include="source\Frame\JoinFestaProfileSelectEditMenuFrame.cpp">
      <Filter>ソース\Frame</Filter>
    </ClCompile>
    <ClCompile Include="source\View\JoinFestaProfileMessageMenuLowerView.cpp">
      <Filter>ソース\View</Filter>
    </ClCompile>
    <ClCompile Include="source\Frame\JoinFestaProfileDescriptionFrame.cpp">
      <Filter>ソース\Frame</Filter>
    </ClCompile>
    <ClCompile Include="source\Frame\JoinFestaProfileNameInputFrame.cpp">
      <Filter>ソース\Frame</Filter>
    </ClCompile>
  </ItemGroup>
</Project>