<?xml version="1.0" encoding="utf-8"?>
<Project ToolsVersion="4.0" xmlns="http://schemas.microsoft.com/developer/msbuild/2003">
  <ItemGroup>
    <Filter Include="インクルード">
      <UniqueIdentifier>{a723cb9d-545b-4c57-8dd3-b7ee25260a31}</UniqueIdentifier>
    </Filter>
    <Filter Include="ソース">
      <UniqueIdentifier>{cafa08b6-a32e-41ed-8cf7-a80f06675b81}</UniqueIdentifier>
    </Filter>
  </ItemGroup>
  <ItemGroup>
    <ClInclude Include="include\StrInputFrame.h">
      <Filter>インクルード</Filter>
    </ClInclude>
    <ClInclude Include="include\StrInputProc.h">
      <Filter>インクルード</Filter>
    </ClInclude>
    <ClInclude Include="include\StrInputAppParam.h">
      <Filter>インクルード</Filter>
    </ClInclude>
    <ClInclude Include="source\StrInputArea.h">
      <Filter>ソース</Filter>
    </ClInclude>
    <ClInclude Include="source\StrInputData.h">
      <Filter>ソース</Filter>
    </ClInclude>
    <ClInclude Include="source\StrInputDef.h">
      <Filter>ソース</Filter>
    </ClInclude>
    <ClInclude Include="source\StrInputDraw.h">
      <Filter>ソース</Filter>
    </ClInclude>
    <ClInclude Include="source\StrInputGraphic.h">
      <Filter>ソース</Filter>
    </ClInclude>
    <ClInclude Include="source\StrInputSndDef.h">
      <Filter>ソース</Filter>
    </ClInclude>
    <ClInclude Include="source\StrInputUi.h">
      <Filter>ソース</Filter>
    </ClInclude>
  </ItemGroup>
  <ItemGroup>
    <ClCompile Include="source\StrInputArea.cpp">
      <Filter>ソース</Filter>
    </ClCompile>
    <ClCompile Include="source\StrInputData.cpp">
      <Filter>ソース</Filter>
    </ClCompile>
    <ClCompile Include="source\StrInputDraw.cpp">
      <Filter>ソース</Filter>
    </ClCompile>
    <ClCompile Include="source\StrInputFrame.cpp">
      <Filter>ソース</Filter>
    </ClCompile>
    <ClCompile Include="source\StrInputGraphic.cpp">
      <Filter>ソース</Filter>
    </ClCompile>
    <ClCompile Include="source\StrInputProc.cpp">
      <Filter>ソース</Filter>
    </ClCompile>
    <ClCompile Include="source\StrInputUI.cpp">
      <Filter>ソース</Filter>
    </ClCompile>
  </ItemGroup>
  <ItemGroup>
    <None Include="source\strinput_ui_50k.cdat">
      <Filter>ソース</Filter>
    </None>
    <None Include="source\strinput_ui_50k_kor.cdat">
      <Filter>ソース</Filter>
    </None>
    <None Include="source\strinput_ui_50k_usa.cdat">
      <Filter>ソース</Filter>
    </None>
    <None Include="source\strinput_ui_keyboard.cdat">
      <Filter>ソース</Filter>
    </None>
    <None Include="source\strinput_ui_keyboard_kor.cdat">
      <Filter>ソース</Filter>
    </None>
    <None Include="source\strinput_ui_keyboard_usa.cdat">
      <Filter>ソース</Filter>
    </None>
    <None Include="source\StrInputButtonAnimList.cdat">
      <Filter>ソース</Filter>
    </None>
  </ItemGroup>
</Project>